
Microsoft Visual Studio Solution File, Format Version 12.00
# Visual Studio Version 18
VisualStudioVersion = 18.4.11612.150 stable
MinimumVisualStudioVersion = 10.0.40219.1
Project("{8BC9CEB8-8B4A-11D0-8D11-00A0C91BC942}") = "geomastr", "geomastr.vcxproj", "{1B60D38A-19E2-4C09-BE1B-70138EF8338F}"
EndProject
Global
	GlobalSection(SolutionConfigurationPlatforms) = preSolution
		Debug|Win32 = Debug|Win32
		Debug|x64 = Debug|x64
		NVServer|Win32 = NVServer|Win32
		NVServer|x64 = NVServer|x64
		Release|Win32 = Release|Win32
		Release|x64 = Release|x64
		xponly|Win32 = xponly|Win32
		xponly|x64 = xponly|x64
	EndGlobalSection
	GlobalSection(ProjectConfigurationPlatforms) = postSolution
		{1B60D38A-19E2-4C09-BE1B-70138EF8338F}.Debug|Win32.ActiveCfg = Debug|Win32
		{1B60D38A-19E2-4C09-BE1B-70138EF8338F}.Debug|Win32.Build.0 = Debug|Win32
		{1B60D38A-19E2-4C09-BE1B-70138EF8338F}.Debug|x64.ActiveCfg = Debug|x64
		{1B60D38A-19E2-4C09-BE1B-70138EF8338F}.Debug|x64.Build.0 = Debug|x64
		{1B60D38A-19E2-4C09-BE1B-70138EF8338F}.NVServer|Win32.ActiveCfg = NVServer|Win32
		{1B60D38A-19E2-4C09-BE1B-70138EF8338F}.NVServer|Win32.Build.0 = NVServer|Win32
		{1B60D38A-19E2-4C09-BE1B-70138EF8338F}.NVServer|x64.ActiveCfg = NVServer|x64
		{1B60D38A-19E2-4C09-BE1B-70138EF8338F}.NVServer|x64.Build.0 = NVServer|x64
		{1B60D38A-19E2-4C09-BE1B-70138EF8338F}.Release|Win32.ActiveCfg = Release|Win32
		{1B60D38A-19E2-4C09-BE1B-70138EF8338F}.Release|Win32.Build.0 = Release|Win32
		{1B60D38A-19E2-4C09-BE1B-70138EF8338F}.Release|x64.ActiveCfg = Release|x64
		{1B60D38A-19E2-4C09-BE1B-70138EF8338F}.Release|x64.Build.0 = Release|x64
		{1B60D38A-19E2-4C09-BE1B-70138EF8338F}.xponly|Win32.ActiveCfg = xponly|Win32
		{1B60D38A-19E2-4C09-BE1B-70138EF8338F}.xponly|Win32.Build.0 = xponly|Win32
		{1B60D38A-19E2-4C09-BE1B-70138EF8338F}.xponly|x64.ActiveCfg = xponly|x64
		{1B60D38A-19E2-4C09-BE1B-70138EF8338F}.xponly|x64.Build.0 = xponly|x64
	EndGlobalSection
	GlobalSection(SolutionProperties) = preSolution
		HideSolutionNode = FALSE
	EndGlobalSection
	GlobalSection(ExtensibilityGlobals) = postSolution
		SolutionGuid = {D1E33B00-5B70-4398-8282-136FE31A6ED2}
	EndGlobalSection
EndGlobal
