<?xml version="1.0" encoding="utf-8"?>
<Project ToolsVersion="4.0" xmlns="http://schemas.microsoft.com/developer/msbuild/2003">
  <ItemGroup>
    <Filter Include="Source Files">
      <UniqueIdentifier>{04774de1-31f0-4283-a2fb-abd1ac103b30}</UniqueIdentifier>
      <Extensions>cpp;c;cxx;rc;def;r;odl;idl;hpj;bat</Extensions>
    </Filter>
    <Filter Include="Header Files">
      <UniqueIdentifier>{98fd204c-7bdf-4263-947c-b06d65144877}</UniqueIdentifier>
      <Extensions>h;hpp;hxx;hm;inl</Extensions>
    </Filter>
    <Filter Include="Resource Files">
      <UniqueIdentifier>{d02ed3fe-6c2f-40e4-bb9e-3bfd51efb15b}</UniqueIdentifier>
      <Extensions>ico;cur;bmp;dlg;rc2;rct;bin;rgs;gif;jpg;jpeg;jpe</Extensions>
    </Filter>
  </ItemGroup>
  <ItemGroup>
    <ClCompile Include="..\solar_calculator\Version2\aa.c">
      <Filter>Source Files</Filter>
    </ClCompile>
    <ClCompile Include="..\Proj-4\src\aasincos.c">
      <Filter>Source Files</Filter>
    </ClCompile>
    <ClCompile Include="address1.c">
      <Filter>Source Files</Filter>
    </ClCompile>
    <ClCompile Include="address2.c">
      <Filter>Source Files</Filter>
    </ClCompile>
    <ClCompile Include="address3.c">
      <Filter>Source Files</Filter>
    </ClCompile>
    <ClCompile Include="AddressMsgProc.c">
      <Filter>Source Files</Filter>
    </ClCompile>
    <ClCompile Include="..\Proj-4\src\adjlon.c">
      <Filter>Source Files</Filter>
    </ClCompile>
    <ClCompile Include="..\gctpc\alberfor.c">
      <Filter>Source Files</Filter>
    </ClCompile>
    <ClCompile Include="..\gctpc\alberinv.c">
      <Filter>Source Files</Filter>
    </ClCompile>
    <ClCompile Include="..\gctpc\alconfor.c">
      <Filter>Source Files</Filter>
    </ClCompile>
    <ClCompile Include="..\gctpc\alconinv.c">
      <Filter>Source Files</Filter>
    </ClCompile>
    <ClCompile Include="..\solar_calculator\Version2\altaz.c">
      <Filter>Source Files</Filter>
    </ClCompile>
    <ClCompile Include="..\solar_calculator\Version2\angles.c">
      <Filter>Source Files</Filter>
    </ClCompile>
    <ClCompile Include="..\solar_calculator\Version2\annuab.c">
      <Filter>Source Files</Filter>
    </ClCompile>
    <ClCompile Include="..\solar_calculator\Version2\arcdot.c">
      <Filter>Source Files</Filter>
    </ClCompile>
    <ClCompile Include="..\gctpc\azimfor.c">
      <Filter>Source Files</Filter>
    </ClCompile>
    <ClCompile Include="..\gctpc\aziminv.c">
      <Filter>Source Files</Filter>
    </ClCompile>
    <ClCompile Include="..\email\jwsmtp\base64.cpp">
      <Filter>Source Files</Filter>
    </ClCompile>
    <ClCompile Include="..\libbci-1.1.0\bci.c">
      <Filter>Source Files</Filter>
    </ClCompile>
    <ClCompile Include="bigmem.c">
      <Filter>Source Files</Filter>
    </ClCompile>
    <ClCompile Include="..\gctpc\br_gctp.c">
      <Filter>Source Files</Filter>
    </ClCompile>
    <ClCompile Include="..\DB\Bt_creat.c">
      <Filter>Source Files</Filter>
    </ClCompile>
    <ClCompile Include="..\humbird1\byteswap.c">
      <Filter>Source Files</Filter>
    </ClCompile>
    <ClCompile Include="cdstuff.c">
      <Filter>Source Files</Filter>
    </ClCompile>
    <ClCompile Include="..\SHR\CLIDATA.C">
      <Filter>Source Files</Filter>
    </ClCompile>
    <ClCompile Include="cmdtonum.c">
      <Filter>Source Files</Filter>
    </ClCompile>
    <ClCompile Include="..\SHR\COMDLG.c">
      <Filter>Source Files</Filter>
    </ClCompile>
    <ClCompile Include="..\email\jwsmtp\compat.cpp">
      <Filter>Source Files</Filter>
    </ClCompile>
    <ClCompile Include="..\SHR\Comput1.c">
      <Filter>Source Files</Filter>
    </ClCompile>
    <ClCompile Include="..\SHR\CONNAD83.C">
      <Filter>Source Files</Filter>
    </ClCompile>
    <ClCompile Include="..\solar_calculator\Version2\constel.c">
      <Filter>Source Files</Filter>
    </ClCompile>
    <ClCompile Include="convert.c">
      <Filter>Source Files</Filter>
    </ClCompile>
    <ClCompile Include="CONVRT32.C">
      <Filter>Source Files</Filter>
    </ClCompile>
    <ClCompile Include="..\SHR\copydib.c">
      <Filter>Source Files</Filter>
    </ClCompile>
    <ClCompile Include="..\dgnlib\cpl_conv.cpp">
      <Filter>Source Files</Filter>
    </ClCompile>
    <ClCompile Include="..\dgnlib\cpl_dir.cpp">
      <Filter>Source Files</Filter>
    </ClCompile>
    <ClCompile Include="..\dgnlib\cpl_error.cpp">
      <Filter>Source Files</Filter>
    </ClCompile>
    <ClCompile Include="..\dgnlib\cpl_multiproc.cpp">
      <Filter>Source Files</Filter>
    </ClCompile>
    <ClCompile Include="..\dgnlib\cpl_path.cpp">
      <Filter>Source Files</Filter>
    </ClCompile>
    <ClCompile Include="..\dgnlib\cpl_string.cpp">
      <Filter>Source Files</Filter>
    </ClCompile>
    <ClCompile Include="..\dgnlib\cpl_vsil_simple.cpp">
      <Filter>Source Files</Filter>
    </ClCompile>
    <ClCompile Include="..\dgnlib\cpl_vsisimple.cpp">
      <Filter>Source Files</Filter>
    </ClCompile>
    <ClCompile Include="..\gctpc\cproj.c">
      <Filter>Source Files</Filter>
    </ClCompile>
    <ClCompile Include="Creatcfg.c">
      <Filter>Source Files</Filter>
    </ClCompile>
    <ClCompile Include="..\SHR\CVTCOORD.C">
      <Filter>Source Files</Filter>
    </ClCompile>
    <ClCompile Include="cwconfig.c">
      <Filter>Source Files</Filter>
    </ClCompile>
    <ClCompile Include="..\shapelib\code\dbfopen.c">
      <Filter>Source Files</Filter>
    </ClCompile>
    <ClCompile Include="debugging.c">
      <Filter>Source Files</Filter>
    </ClCompile>
    <ClCompile Include="..\solar_calculator\Version2\deflec.c">
      <Filter>Source Files</Filter>
    </ClCompile>
    <ClCompile Include="..\solar_calculator\Version2\deltat.c">
      <Filter>Source Files</Filter>
    </ClCompile>
    <ClCompile Include="dgn7functions.c">
      <Filter>Source Files</Filter>
    </ClCompile>
    <ClCompile Include="DGNFILE.C">
      <Filter>Source Files</Filter>
    </ClCompile>
    <ClCompile Include="..\dgnlib\dgnfloat.cpp">
      <Filter>Source Files</Filter>
    </ClCompile>
    <ClCompile Include="..\dgnlib\dgnhelp.cpp">
      <Filter>Source Files</Filter>
    </ClCompile>
    <ClCompile Include="..\dgnlib\dgnopen.cpp">
      <Filter>Source Files</Filter>
    </ClCompile>
    <ClCompile Include="..\dgnlib\dgnread.cpp">
      <Filter>Source Files</Filter>
    </ClCompile>
    <ClCompile Include="..\dgnlib\dgnstroke.cpp">
      <Filter>Source Files</Filter>
    </ClCompile>
    <ClCompile Include="..\dgnlib\dgnwrite.cpp">
      <Filter>Source Files</Filter>
    </ClCompile>
    <ClCompile Include="..\SHR\DIBUTIL.C">
      <Filter>Source Files</Filter>
    </ClCompile>
    <ClCompile Include="DICT.C">
      <Filter>Source Files</Filter>
    </ClCompile>
    <ClCompile Include="DICTEDIT.C">
      <Filter>Source Files</Filter>
    </ClCompile>
    <ClCompile Include="digitize.c">
      <Filter>Source Files</Filter>
    </ClCompile>
    <ClCompile Include="..\solar_calculator\Version2\diurab.c">
      <Filter>Source Files</Filter>
    </ClCompile>
    <ClCompile Include="..\solar_calculator\Version2\diurpx.c">
      <Filter>Source Files</Filter>
    </ClCompile>
    <ClCompile Include="..\SHR\DLGLOOK.C">
      <Filter>Source Files</Filter>
    </ClCompile>
    <ClCompile Include="..\solar_calculator\Version2\dms.c">
      <Filter>Source Files</Filter>
    </ClCompile>
    <ClCompile Include="..\Proj-4\src\dmstor.c">
      <Filter>Source Files</Filter>
    </ClCompile>
    <ClCompile Include="Document.c">
      <Filter>Source Files</Filter>
    </ClCompile>
    <ClCompile Include="..\solar_calculator\Version2\domoon.c">
      <Filter>Source Files</Filter>
    </ClCompile>
    <ClCompile Include="dtm.c">
      <Filter>Source Files</Filter>
    </ClCompile>
    <ClCompile Include="DTM2.C">
      <Filter>Source Files</Filter>
    </ClCompile>
    <ClCompile Include="Dxfin.c">
      <Filter>Source Files</Filter>
    </ClCompile>
    <ClCompile Include="dynaedit.c">
      <Filter>Source Files</Filter>
    </ClCompile>
    <ClCompile Include="..\sunang\ipw\src\lib\libunix\src\dysize.c">
      <Filter>Source Files</Filter>
    </ClCompile>
    <ClCompile Include="..\solar_calculator\Version2\ear404.c">
      <Filter>Source Files</Filter>
    </ClCompile>
    <ClCompile Include="edgmatch.c">
      <Filter>Source Files</Filter>
    </ClCompile>
    <ClCompile Include="..\sunang\ipw\src\lib\libipw\sunang\ephemeris.c">
      <Filter>Source Files</Filter>
    </ClCompile>
    <ClCompile Include="..\solar_calculator\Version2\epsiln.c">
      <Filter>Source Files</Filter>
    </ClCompile>
    <ClCompile Include="..\gctpc\eqconfor.c">
      <Filter>Source Files</Filter>
    </ClCompile>
    <ClCompile Include="..\gctpc\eqconinv.c">
      <Filter>Source Files</Filter>
    </ClCompile>
    <ClCompile Include="..\gctpc\equifor.c">
      <Filter>Source Files</Filter>
    </ClCompile>
    <ClCompile Include="..\gctpc\equiinv.c">
      <Filter>Source Files</Filter>
    </ClCompile>
    <ClCompile Include="exception.c">
      <Filter>Source Files</Filter>
    </ClCompile>
    <ClCompile Include="..\FileGDBAPI\ExecutingSQL2.cpp">
      <Filter>Source Files</Filter>
    </ClCompile>
    <ClCompile Include="export.c">
      <Filter>Source Files</Filter>
    </ClCompile>
    <ClCompile Include="EXPORT2.C">
      <Filter>Source Files</Filter>
    </ClCompile>
    <ClCompile Include="..\GM32lib\FIIO_Mem.cpp">
      <Filter>Source Files</Filter>
    </ClCompile>
    <ClCompile Include="..\SHR\FILE.C">
      <Filter>Source Files</Filter>
    </ClCompile>
    <ClCompile Include="fish.c">
      <Filter>Source Files</Filter>
    </ClCompile>
    <ClCompile Include="..\solar_calculator\Version2\fk4fk5.c">
      <Filter>Source Files</Filter>
    </ClCompile>
    <ClCompile Include="..\SHR\floatap.c">
      <Filter>Source Files</Filter>
    </ClCompile>
    <ClCompile Include="..\gctpc\for_init.c">
      <Filter>Source Files</Filter>
    </ClCompile>
    <ClCompile Include="..\GM32lib\freeim.c">
      <Filter>Source Files</Filter>
    </ClCompile>
    <ClCompile Include="FUNCSUBS.c">
      <Filter>Source Files</Filter>
    </ClCompile>
    <ClCompile Include="function.c">
      <Filter>Source Files</Filter>
    </ClCompile>
    <ClCompile Include="FUNCTN1.C">
      <Filter>Source Files</Filter>
    </ClCompile>
    <ClCompile Include="functn2.c">
      <Filter>Source Files</Filter>
    </ClCompile>
    <ClCompile Include="FUNCTN3.C">
      <Filter>Source Files</Filter>
    </ClCompile>
    <ClCompile Include="FUNDEFS.C">
      <Filter>Source Files</Filter>
    </ClCompile>
    <ClCompile Include="..\gctpc\gctp.c">
      <Filter>Source Files</Filter>
    </ClCompile>
    <ClCompile Include="..\Proj-4\src\geocent.c">
      <Filter>Source Files</Filter>
    </ClCompile>
    <ClCompile Include="GetSDChipID.c">
      <Filter>Source Files</Filter>
    </ClCompile>
    <ClCompile Include="..\GM32lib\GM32.c">
      <Filter>Source Files</Filter>
    </ClCompile>
    <ClCompile Include="GM32LIB.C">
      <Filter>Source Files</Filter>
    </ClCompile>
    <ClCompile Include="..\GMEdit\GMEdit\GMEdit.c">
      <Filter>Source Files</Filter>
    </ClCompile>
    <ClCompile Include="..\gctpc\gnomfor.c">
      <Filter>Source Files</Filter>
    </ClCompile>
    <ClCompile Include="..\gctpc\gnominv.c">
      <Filter>Source Files</Filter>
    </ClCompile>
    <ClCompile Include="..\gctpc\goodfor.c">
      <Filter>Source Files</Filter>
    </ClCompile>
    <ClCompile Include="..\gctpc\goodinv.c">
      <Filter>Source Files</Filter>
    </ClCompile>
    <ClCompile Include="..\solar_calculator\Version2\gplan.c">
      <Filter>Source Files</Filter>
    </ClCompile>
    <ClCompile Include="..\gps\gps.c">
      <Filter>Source Files</Filter>
    </ClCompile>
    <ClCompile Include="graphic1.c">
      <Filter>Source Files</Filter>
    </ClCompile>
    <ClCompile Include="graphic2.c">
      <Filter>Source Files</Filter>
    </ClCompile>
    <ClCompile Include="Graphic3.c">
      <Filter>Source Files</Filter>
    </ClCompile>
    <ClCompile Include="graphic4.c">
      <Filter>Source Files</Filter>
    </ClCompile>
    <ClCompile Include="GRAPHIC5.C">
      <Filter>Source Files</Filter>
    </ClCompile>
    <ClCompile Include="Graphic6.c">
      <Filter>Source Files</Filter>
    </ClCompile>
    <ClCompile Include="graphic7.c">
      <Filter>Source Files</Filter>
    </ClCompile>
    <ClCompile Include="graphic8.c">
      <Filter>Source Files</Filter>
    </ClCompile>
    <ClCompile Include="GRAPHIC9.c">
      <Filter>Source Files</Filter>
    </ClCompile>
    <ClCompile Include="graphic_functions.c">
      <Filter>Source Files</Filter>
    </ClCompile>
    <ClCompile Include="graphica.c">
      <Filter>Source Files</Filter>
    </ClCompile>
    <ClCompile Include="graphicb.c">
      <Filter>Source Files</Filter>
    </ClCompile>
    <ClCompile Include="graphicc.c">
      <Filter>Source Files</Filter>
    </ClCompile>
    <ClCompile Include="GRAPHICD.C">
      <Filter>Source Files</Filter>
    </ClCompile>
    <ClCompile Include="GraphMsgProc.c">
      <Filter>Source Files</Filter>
    </ClCompile>
    <ClCompile Include="GraphMsgProc2.c">
      <Filter>Source Files</Filter>
    </ClCompile>
    <ClCompile Include="grfunc.c">
      <Filter>Source Files</Filter>
    </ClCompile>
    <ClCompile Include="..\splines\gspline.c">
      <Filter>Source Files</Filter>
    </ClCompile>
    <ClCompile Include="gssigdi.c">
      <Filter>Source Files</Filter>
    </ClCompile>
    <ClCompile Include="..\gctpc\gvnspfor.c">
      <Filter>Source Files</Filter>
    </ClCompile>
    <ClCompile Include="..\gctpc\gvnspinv.c">
      <Filter>Source Files</Filter>
    </ClCompile>
    <ClCompile Include="..\DB\gwd.c">
      <Filter>Source Files</Filter>
    </ClCompile>
    <ClCompile Include="..\gctpc\hamfor.c">
      <Filter>Source Files</Filter>
    </ClCompile>
    <ClCompile Include="..\gctpc\haminv.c">
      <Filter>Source Files</Filter>
    </ClCompile>
    <ClCompile Include="..\SHR\HASH.C">
      <Filter>Source Files</Filter>
    </ClCompile>
    <ClCompile Include="hbird.c">
      <Filter>Source Files</Filter>
    </ClCompile>
    <ClCompile Include="hotspots.c">
      <Filter>Source Files</Filter>
    </ClCompile>
    <ClCompile Include="..\gctpc\imolwfor.c">
      <Filter>Source Files</Filter>
    </ClCompile>
    <ClCompile Include="..\gctpc\imolwinv.c">
      <Filter>Source Files</Filter>
    </ClCompile>
    <ClCompile Include="Infobox.c">
      <Filter>Source Files</Filter>
    </ClCompile>
    <ClCompile Include="internet.c">
      <Filter>Source Files</Filter>
    </ClCompile>
    <ClCompile Include="..\gctpc\inv_init.c">
      <Filter>Source Files</Filter>
    </ClCompile>
    <ClCompile Include="..\SHR\IsLaptop.cpp">
      <Filter>Source Files</Filter>
    </ClCompile>
    <ClCompile Include="..\sunang\ipw\src\lib\libipw\sunang\julday.c">
      <Filter>Source Files</Filter>
    </ClCompile>
    <ClCompile Include="..\solar_calculator\Version2\jup404.c">
      <Filter>Source Files</Filter>
    </ClCompile>
    <ClCompile Include="..\solar_calculator\Version2\kepler.c">
      <Filter>Source Files</Filter>
    </ClCompile>
    <ClCompile Include="..\solar_calculator\Version2\kfiles.c">
      <Filter>Source Files</Filter>
    </ClCompile>
    <ClCompile Include="..\gctpc\lamazfor.c">
      <Filter>Source Files</Filter>
    </ClCompile>
    <ClCompile Include="..\gctpc\lamazinv.c">
      <Filter>Source Files</Filter>
    </ClCompile>
    <ClCompile Include="..\gctpc\lamccfor.c">
      <Filter>Source Files</Filter>
    </ClCompile>
    <ClCompile Include="..\gctpc\lamccinv.c">
      <Filter>Source Files</Filter>
    </ClCompile>
    <ClCompile Include="license.c">
      <Filter>Source Files</Filter>
    </ClCompile>
    <ClCompile Include="lidar.c">
      <Filter>Source Files</Filter>
    </ClCompile>
    <ClCompile Include="..\solar_calculator\Version2\lightt.c">
      <Filter>Source Files</Filter>
    </ClCompile>
    <ClCompile Include="..\humbird1\LkmToHbirdImage.c">
      <Filter>Source Files</Filter>
    </ClCompile>
    <ClCompile Include="..\solar_calculator\Version2\lonlat.c">
      <Filter>Source Files</Filter>
    </ClCompile>
    <ClCompile Include="..\email\jwsmtp\mailer.cpp">
      <Filter>Source Files</Filter>
    </ClCompile>
    <ClCompile Include="makearea.c">
      <Filter>Source Files</Filter>
    </ClCompile>
    <ClCompile Include="mapcopy.c">
      <Filter>Source Files</Filter>
    </ClCompile>
    <ClCompile Include="..\solar_calculator\Version2\mar404.c">
      <Filter>Source Files</Filter>
    </ClCompile>
    <ClCompile Include="..\SHR\memalloc.c">
      <Filter>Source Files</Filter>
    </ClCompile>
    <ClCompile Include="..\solar_calculator\Version2\mer404.c">
      <Filter>Source Files</Filter>
    </ClCompile>
    <ClCompile Include="..\gctpc\merfor.c">
      <Filter>Source Files</Filter>
    </ClCompile>
    <ClCompile Include="..\gctpc\merinv.c">
      <Filter>Source Files</Filter>
    </ClCompile>
    <ClCompile Include="..\MRGSCoordinates\Mgrs\geotrans2.2.6\dt_cc\mgrs\mgrs.c">
      <Filter>Source Files</Filter>
    </ClCompile>
    <ClCompile Include="..\gctpc\millfor.c">
      <Filter>Source Files</Filter>
    </ClCompile>
    <ClCompile Include="..\gctpc\millinv.c">
      <Filter>Source Files</Filter>
    </ClCompile>
    <ClCompile Include="..\minilzo\minilzo.c">
      <Filter>Source Files</Filter>
    </ClCompile>
    <ClCompile Include="..\solar_calculator\Version2\mlat404.c">
      <Filter>Source Files</Filter>
    </ClCompile>
    <ClCompile Include="..\solar_calculator\Version2\mlr404.c">
      <Filter>Source Files</Filter>
    </ClCompile>
    <ClCompile Include="..\gctpc\molwfor.c">
      <Filter>Source Files</Filter>
    </ClCompile>
    <ClCompile Include="..\gctpc\molwinv.c">
      <Filter>Source Files</Filter>
    </ClCompile>
    <ClCompile Include="..\GM32lib\mrsid.c">
      <Filter>Source Files</Filter>
    </ClCompile>
    <ClCompile Include="..\SHR\MS_MAPL.C">
      <Filter>Source Files</Filter>
    </ClCompile>
    <ClCompile Include="MSPFence.c">
      <Filter>Source Files</Filter>
    </ClCompile>
    <ClCompile Include="..\Proj-4\src\nad_cvt.c">
      <Filter>Source Files</Filter>
    </ClCompile>
    <ClCompile Include="..\Proj-4\src\nad_init.c">
      <Filter>Source Files</Filter>
    </ClCompile>
    <ClCompile Include="..\Proj-4\src\nad_intr.c">
      <Filter>Source Files</Filter>
    </ClCompile>
    <ClCompile Include="..\GM32lib\nadcon.c">
      <Filter>Source Files</Filter>
    </ClCompile>
    <ClCompile Include="..\solar_calculator\Version2\nep404.c">
      <Filter>Source Files</Filter>
    </ClCompile>
    <ClCompile Include="NETWORKS.c">
      <Filter>Source Files</Filter>
    </ClCompile>
    <ClCompile Include="..\solar_calculator\Version2\nutate.c">
      <Filter>Source Files</Filter>
    </ClCompile>
    <ClCompile Include="..\gctpc\obleqfor.c">
      <Filter>Source Files</Filter>
    </ClCompile>
    <ClCompile Include="..\gctpc\obleqinv.c">
      <Filter>Source Files</Filter>
    </ClCompile>
    <ClCompile Include="..\SHR\Odbcmain.c">
      <Filter>Source Files</Filter>
    </ClCompile>
    <ClCompile Include="..\OFFSET\Offset.c">
      <Filter>Source Files</Filter>
    </ClCompile>
    <ClCompile Include="..\gctpc\omerfor.c">
      <Filter>Source Files</Filter>
    </ClCompile>
    <ClCompile Include="..\gctpc\omerinv.c">
      <Filter>Source Files</Filter>
    </ClCompile>
    <ClCompile Include="ORAFILE.C">
      <Filter>Source Files</Filter>
    </ClCompile>
    <ClCompile Include="..\gctpc\orthfor.c">
      <Filter>Source Files</Filter>
    </ClCompile>
    <ClCompile Include="..\gctpc\orthinv.c">
      <Filter>Source Files</Filter>
    </ClCompile>
    <ClCompile Include="orthos.c">
      <Filter>Source Files</Filter>
    </ClCompile>
    <ClCompile Include="..\gctpc\paksz.c">
      <Filter>Source Files</Filter>
    </ClCompile>
    <ClCompile Include="..\PCX\PCXTOBMP.C">
      <Filter>Source Files</Filter>
    </ClCompile>
    <ClCompile Include="peoplnet.c">
      <Filter>Source Files</Filter>
    </ClCompile>
    <ClCompile Include="..\Proj-4\src\PJ_aea.c">
      <Filter>Source Files</Filter>
    </ClCompile>
    <ClCompile Include="..\Proj-4\src\PJ_aeqd.c">
      <Filter>Source Files</Filter>
    </ClCompile>
    <ClCompile Include="..\Proj-4\src\PJ_airy.c">
      <Filter>Source Files</Filter>
    </ClCompile>
    <ClCompile Include="..\Proj-4\src\PJ_aitoff.c">
      <Filter>Source Files</Filter>
    </ClCompile>
    <ClCompile Include="..\Proj-4\src\pj_apply_gridshift.c">
      <Filter>Source Files</Filter>
    </ClCompile>
    <ClCompile Include="..\Proj-4\src\PJ_august.c">
      <Filter>Source Files</Filter>
    </ClCompile>
    <ClCompile Include="..\Proj-4\src\pj_auth.c">
      <Filter>Source Files</Filter>
    </ClCompile>
    <ClCompile Include="..\Proj-4\src\PJ_bacon.c">
      <Filter>Source Files</Filter>
    </ClCompile>
    <ClCompile Include="..\Proj-4\src\PJ_bipc.c">
      <Filter>Source Files</Filter>
    </ClCompile>
    <ClCompile Include="..\Proj-4\src\PJ_boggs.c">
      <Filter>Source Files</Filter>
    </ClCompile>
    <ClCompile Include="..\Proj-4\src\PJ_bonne.c">
      <Filter>Source Files</Filter>
    </ClCompile>
    <ClCompile Include="..\Proj-4\src\PJ_cass.c">
      <Filter>Source Files</Filter>
    </ClCompile>
    <ClCompile Include="..\Proj-4\src\PJ_cc.c">
      <Filter>Source Files</Filter>
    </ClCompile>
    <ClCompile Include="..\Proj-4\src\PJ_cea.c">
      <Filter>Source Files</Filter>
    </ClCompile>
    <ClCompile Include="..\Proj-4\src\PJ_chamb.c">
      <Filter>Source Files</Filter>
    </ClCompile>
    <ClCompile Include="..\Proj-4\src\PJ_collg.c">
      <Filter>Source Files</Filter>
    </ClCompile>
    <ClCompile Include="..\Proj-4\src\PJ_crast.c">
      <Filter>Source Files</Filter>
    </ClCompile>
    <ClCompile Include="..\Proj-4\src\pj_datum_set.c">
      <Filter>Source Files</Filter>
    </ClCompile>
    <ClCompile Include="..\Proj-4\src\pj_datums.c">
      <Filter>Source Files</Filter>
    </ClCompile>
    <ClCompile Include="..\Proj-4\src\PJ_denoy.c">
      <Filter>Source Files</Filter>
    </ClCompile>
    <ClCompile Include="..\Proj-4\src\pj_deriv.c">
      <Filter>Source Files</Filter>
    </ClCompile>
    <ClCompile Include="..\Proj-4\src\PJ_eck1.c">
      <Filter>Source Files</Filter>
    </ClCompile>
    <ClCompile Include="..\Proj-4\src\PJ_eck2.c">
      <Filter>Source Files</Filter>
    </ClCompile>
    <ClCompile Include="..\Proj-4\src\PJ_eck3.c">
      <Filter>Source Files</Filter>
    </ClCompile>
    <ClCompile Include="..\Proj-4\src\PJ_eck4.c">
      <Filter>Source Files</Filter>
    </ClCompile>
    <ClCompile Include="..\Proj-4\src\PJ_eck5.c">
      <Filter>Source Files</Filter>
    </ClCompile>
    <ClCompile Include="..\Proj-4\src\pj_ell_set.c">
      <Filter>Source Files</Filter>
    </ClCompile>
    <ClCompile Include="..\Proj-4\src\pj_ellps.c">
      <Filter>Source Files</Filter>
    </ClCompile>
    <ClCompile Include="..\Proj-4\src\PJ_eqc.c">
      <Filter>Source Files</Filter>
    </ClCompile>
    <ClCompile Include="..\Proj-4\src\PJ_eqdc.c">
      <Filter>Source Files</Filter>
    </ClCompile>
    <ClCompile Include="..\Proj-4\src\pj_errno.c">
      <Filter>Source Files</Filter>
    </ClCompile>
    <ClCompile Include="..\Proj-4\src\pj_factors.c">
      <Filter>Source Files</Filter>
    </ClCompile>
    <ClCompile Include="..\Proj-4\src\PJ_fahey.c">
      <Filter>Source Files</Filter>
    </ClCompile>
    <ClCompile Include="..\Proj-4\src\PJ_fouc_s.c">
      <Filter>Source Files</Filter>
    </ClCompile>
    <ClCompile Include="..\Proj-4\src\pj_fwd.c">
      <Filter>Source Files</Filter>
    </ClCompile>
    <ClCompile Include="..\Proj-4\src\PJ_gall.c">
      <Filter>Source Files</Filter>
    </ClCompile>
    <ClCompile Include="..\Proj-4\src\pj_gauss.c">
      <Filter>Source Files</Filter>
    </ClCompile>
    <ClCompile Include="..\Proj-4\src\pj_geocent.c">
      <Filter>Source Files</Filter>
    </ClCompile>
    <ClCompile Include="..\Proj-4\src\PJ_geos.c">
      <Filter>Source Files</Filter>
    </ClCompile>
    <ClCompile Include="..\Proj-4\src\PJ_gins8.c">
      <Filter>Source Files</Filter>
    </ClCompile>
    <ClCompile Include="..\Proj-4\src\PJ_gn_sinu.c">
      <Filter>Source Files</Filter>
    </ClCompile>
    <ClCompile Include="..\Proj-4\src\PJ_gnom.c">
      <Filter>Source Files</Filter>
    </ClCompile>
    <ClCompile Include="..\Proj-4\src\PJ_goode.c">
      <Filter>Source Files</Filter>
    </ClCompile>
    <ClCompile Include="..\Proj-4\src\pj_gridinfo.c">
      <Filter>Source Files</Filter>
    </ClCompile>
    <ClCompile Include="..\Proj-4\src\pj_gridlist.c">
      <Filter>Source Files</Filter>
    </ClCompile>
    <ClCompile Include="..\Proj-4\src\PJ_gstmerc.c">
      <Filter>Source Files</Filter>
    </ClCompile>
    <ClCompile Include="..\Proj-4\src\PJ_hammer.c">
      <Filter>Source Files</Filter>
    </ClCompile>
    <ClCompile Include="..\Proj-4\src\PJ_hatano.c">
      <Filter>Source Files</Filter>
    </ClCompile>
    <ClCompile Include="..\Proj-4\src\PJ_imw_p.c">
      <Filter>Source Files</Filter>
    </ClCompile>
    <ClCompile Include="..\Proj-4\src\pj_init.c">
      <Filter>Source Files</Filter>
    </ClCompile>
    <ClCompile Include="..\Proj-4\src\pj_initcache.c">
      <Filter>Source Files</Filter>
    </ClCompile>
    <ClCompile Include="..\Proj-4\src\pj_inv.c">
      <Filter>Source Files</Filter>
    </ClCompile>
    <ClCompile Include="..\Proj-4\src\PJ_krovak.c">
      <Filter>Source Files</Filter>
    </ClCompile>
    <ClCompile Include="..\Proj-4\src\PJ_labrd.c">
      <Filter>Source Files</Filter>
    </ClCompile>
    <ClCompile Include="..\Proj-4\src\PJ_laea.c">
      <Filter>Source Files</Filter>
    </ClCompile>
    <ClCompile Include="..\Proj-4\src\PJ_lagrng.c">
      <Filter>Source Files</Filter>
    </ClCompile>
    <ClCompile Include="..\Proj-4\src\PJ_larr.c">
      <Filter>Source Files</Filter>
    </ClCompile>
    <ClCompile Include="..\Proj-4\src\PJ_lask.c">
      <Filter>Source Files</Filter>
    </ClCompile>
    <ClCompile Include="..\Proj-4\src\pj_latlong.c">
      <Filter>Source Files</Filter>
    </ClCompile>
    <ClCompile Include="..\Proj-4\src\PJ_lcc.c">
      <Filter>Source Files</Filter>
    </ClCompile>
    <ClCompile Include="..\Proj-4\src\PJ_lcca.c">
      <Filter>Source Files</Filter>
    </ClCompile>
    <ClCompile Include="..\Proj-4\src\pj_list.c">
      <Filter>Source Files</Filter>
    </ClCompile>
    <ClCompile Include="..\Proj-4\src\PJ_loxim.c">
      <Filter>Source Files</Filter>
    </ClCompile>
    <ClCompile Include="..\Proj-4\src\PJ_lsat.c">
      <Filter>Source Files</Filter>
    </ClCompile>
    <ClCompile Include="..\Proj-4\src\pj_malloc.c">
      <Filter>Source Files</Filter>
    </ClCompile>
    <ClCompile Include="..\Proj-4\src\PJ_mbt_fps.c">
      <Filter>Source Files</Filter>
    </ClCompile>
    <ClCompile Include="..\Proj-4\src\PJ_mbtfpp.c">
      <Filter>Source Files</Filter>
    </ClCompile>
    <ClCompile Include="..\Proj-4\src\PJ_mbtfpq.c">
      <Filter>Source Files</Filter>
    </ClCompile>
    <ClCompile Include="..\Proj-4\src\PJ_merc.c">
      <Filter>Source Files</Filter>
    </ClCompile>
    <ClCompile Include="..\Proj-4\src\PJ_mill.c">
      <Filter>Source Files</Filter>
    </ClCompile>
    <ClCompile Include="..\Proj-4\src\pj_mlfn.c">
      <Filter>Source Files</Filter>
    </ClCompile>
    <ClCompile Include="..\Proj-4\src\PJ_mod_ster.c">
      <Filter>Source Files</Filter>
    </ClCompile>
    <ClCompile Include="..\Proj-4\src\PJ_moll.c">
      <Filter>Source Files</Filter>
    </ClCompile>
    <ClCompile Include="..\Proj-4\src\pj_msfn.c">
      <Filter>Source Files</Filter>
    </ClCompile>
    <ClCompile Include="..\Proj-4\src\pj_mutex.c">
      <Filter>Source Files</Filter>
    </ClCompile>
    <ClCompile Include="..\Proj-4\src\PJ_nell.c">
      <Filter>Source Files</Filter>
    </ClCompile>
    <ClCompile Include="..\Proj-4\src\PJ_nell_h.c">
      <Filter>Source Files</Filter>
    </ClCompile>
    <ClCompile Include="..\Proj-4\src\PJ_nocol.c">
      <Filter>Source Files</Filter>
    </ClCompile>
    <ClCompile Include="..\Proj-4\src\PJ_nsper.c">
      <Filter>Source Files</Filter>
    </ClCompile>
    <ClCompile Include="..\Proj-4\src\PJ_nzmg.c">
      <Filter>Source Files</Filter>
    </ClCompile>
    <ClCompile Include="..\Proj-4\src\PJ_ob_tran.c">
      <Filter>Source Files</Filter>
    </ClCompile>
    <ClCompile Include="..\Proj-4\src\PJ_ocea.c">
      <Filter>Source Files</Filter>
    </ClCompile>
    <ClCompile Include="..\Proj-4\src\PJ_oea.c">
      <Filter>Source Files</Filter>
    </ClCompile>
    <ClCompile Include="..\Proj-4\src\PJ_omerc.c">
      <Filter>Source Files</Filter>
    </ClCompile>
    <ClCompile Include="..\Proj-4\src\pj_open_lib.c">
      <Filter>Source Files</Filter>
    </ClCompile>
    <ClCompile Include="..\Proj-4\src\PJ_ortho.c">
      <Filter>Source Files</Filter>
    </ClCompile>
    <ClCompile Include="..\Proj-4\src\pj_param.c">
      <Filter>Source Files</Filter>
    </ClCompile>
    <ClCompile Include="..\Proj-4\src\pj_phi2.c">
      <Filter>Source Files</Filter>
    </ClCompile>
    <ClCompile Include="..\Proj-4\src\PJ_poly.c">
      <Filter>Source Files</Filter>
    </ClCompile>
    <ClCompile Include="..\Proj-4\src\pj_pr_list.c">
      <Filter>Source Files</Filter>
    </ClCompile>
    <ClCompile Include="..\Proj-4\src\PJ_putp2.c">
      <Filter>Source Files</Filter>
    </ClCompile>
    <ClCompile Include="..\Proj-4\src\PJ_putp3.c">
      <Filter>Source Files</Filter>
    </ClCompile>
    <ClCompile Include="..\Proj-4\src\PJ_putp4p.c">
      <Filter>Source Files</Filter>
    </ClCompile>
    <ClCompile Include="..\Proj-4\src\PJ_putp5.c">
      <Filter>Source Files</Filter>
    </ClCompile>
    <ClCompile Include="..\Proj-4\src\PJ_putp6.c">
      <Filter>Source Files</Filter>
    </ClCompile>
    <ClCompile Include="..\Proj-4\src\pj_qsfn.c">
      <Filter>Source Files</Filter>
    </ClCompile>
    <ClCompile Include="..\Proj-4\src\pj_release.c">
      <Filter>Source Files</Filter>
    </ClCompile>
    <ClCompile Include="..\Proj-4\src\PJ_robin.c">
      <Filter>Source Files</Filter>
    </ClCompile>
    <ClCompile Include="..\Proj-4\src\PJ_rpoly.c">
      <Filter>Source Files</Filter>
    </ClCompile>
    <ClCompile Include="..\Proj-4\src\PJ_sconics.c">
      <Filter>Source Files</Filter>
    </ClCompile>
    <ClCompile Include="..\Proj-4\src\PJ_somerc.c">
      <Filter>Source Files</Filter>
    </ClCompile>
    <ClCompile Include="..\Proj-4\src\PJ_stere.c">
      <Filter>Source Files</Filter>
    </ClCompile>
    <ClCompile Include="..\Proj-4\src\PJ_sterea.c">
      <Filter>Source Files</Filter>
    </ClCompile>
    <ClCompile Include="..\Proj-4\src\pj_strerrno.c">
      <Filter>Source Files</Filter>
    </ClCompile>
    <ClCompile Include="..\Proj-4\src\PJ_sts.c">
      <Filter>Source Files</Filter>
    </ClCompile>
    <ClCompile Include="..\Proj-4\src\PJ_tcc.c">
      <Filter>Source Files</Filter>
    </ClCompile>
    <ClCompile Include="..\Proj-4\src\PJ_tcea.c">
      <Filter>Source Files</Filter>
    </ClCompile>
    <ClCompile Include="..\Proj-4\src\PJ_tmerc.c">
      <Filter>Source Files</Filter>
    </ClCompile>
    <ClCompile Include="..\Proj-4\src\PJ_tpeqd.c">
      <Filter>Source Files</Filter>
    </ClCompile>
    <ClCompile Include="..\Proj-4\src\pj_transform.c">
      <Filter>Source Files</Filter>
    </ClCompile>
    <ClCompile Include="..\Proj-4\src\pj_tsfn.c">
      <Filter>Source Files</Filter>
    </ClCompile>
    <ClCompile Include="..\Proj-4\src\pj_units.c">
      <Filter>Source Files</Filter>
    </ClCompile>
    <ClCompile Include="..\Proj-4\src\PJ_urm5.c">
      <Filter>Source Files</Filter>
    </ClCompile>
    <ClCompile Include="..\Proj-4\src\PJ_urmfps.c">
      <Filter>Source Files</Filter>
    </ClCompile>
    <ClCompile Include="..\Proj-4\src\pj_utils.c">
      <Filter>Source Files</Filter>
    </ClCompile>
    <ClCompile Include="..\Proj-4\src\PJ_vandg.c">
      <Filter>Source Files</Filter>
    </ClCompile>
    <ClCompile Include="..\Proj-4\src\PJ_vandg2.c">
      <Filter>Source Files</Filter>
    </ClCompile>
    <ClCompile Include="..\Proj-4\src\PJ_vandg4.c">
      <Filter>Source Files</Filter>
    </ClCompile>
    <ClCompile Include="..\Proj-4\src\PJ_wag2.c">
      <Filter>Source Files</Filter>
    </ClCompile>
    <ClCompile Include="..\Proj-4\src\PJ_wag3.c">
      <Filter>Source Files</Filter>
    </ClCompile>
    <ClCompile Include="..\Proj-4\src\PJ_wag7.c">
      <Filter>Source Files</Filter>
    </ClCompile>
    <ClCompile Include="..\Proj-4\src\PJ_wink1.c">
      <Filter>Source Files</Filter>
    </ClCompile>
    <ClCompile Include="..\Proj-4\src\PJ_wink2.c">
      <Filter>Source Files</Filter>
    </ClCompile>
    <ClCompile Include="..\Proj-4\src\pj_zpoly1.c">
      <Filter>Source Files</Filter>
    </ClCompile>
    <ClCompile Include="..\solar_calculator\Version2\plu404.c">
      <Filter>Source Files</Filter>
    </ClCompile>
    <ClCompile Include="pngrid.c">
      <Filter>Source Files</Filter>
    </ClCompile>
    <ClCompile Include="pointlist.c">
      <Filter>Source Files</Filter>
    </ClCompile>
    <ClCompile Include="..\MRGSCoordinates\Mgrs\geotrans2.2.6\dt_cc\polarst\polarst.c">
      <Filter>Source Files</Filter>
    </ClCompile>
    <ClCompile Include="..\OFFSET\POLY.C">
      <Filter>Source Files</Filter>
    </ClCompile>
    <ClCompile Include="..\gctpc\polyfor.c">
      <Filter>Source Files</Filter>
    </ClCompile>
    <ClCompile Include="..\gctpc\polyinv.c">
      <Filter>Source Files</Filter>
    </ClCompile>
    <ClCompile Include="..\solar_calculator\Version2\precess.c">
      <Filter>Source Files</Filter>
    </ClCompile>
    <ClCompile Include="Print.c">
      <Filter>Source Files</Filter>
    </ClCompile>
    <ClCompile Include="PROFILE.C">
      <Filter>Source Files</Filter>
    </ClCompile>
    <ClCompile Include="..\Proj-4\src\proj_mdist.c">
      <Filter>Source Files</Filter>
    </ClCompile>
    <ClCompile Include="..\Proj-4\src\proj_rouss.c">
      <Filter>Source Files</Filter>
    </ClCompile>
    <ClCompile Include="..\gctpc\psfor.c">
      <Filter>Source Files</Filter>
    </ClCompile>
    <ClCompile Include="..\gctpc\psinv.c">
      <Filter>Source Files</Filter>
    </ClCompile>
    <ClCompile Include="quad.c">
      <Filter>Source Files</Filter>
    </ClCompile>
    <ClCompile Include="..\solar_calculator\Version2\refrac.c">
      <Filter>Source Files</Filter>
    </ClCompile>
    <ClCompile Include="report.C">
      <Filter>Source Files</Filter>
    </ClCompile>
    <ClCompile Include="..\gctpc\reportgc.c">
      <Filter>Source Files</Filter>
    </ClCompile>
    <ClCompile Include="ROADNAME.C">
      <Filter>Source Files</Filter>
    </ClCompile>
    <ClCompile Include="..\gctpc\robfor.c">
      <Filter>Source Files</Filter>
    </ClCompile>
    <ClCompile Include="..\gctpc\robinv.c">
      <Filter>Source Files</Filter>
    </ClCompile>
    <ClCompile Include="..\sunang\ipw\src\lib\libipw\sunang\rotate.c">
      <Filter>Source Files</Filter>
    </ClCompile>
    <ClCompile Include="route.c">
      <Filter>Source Files</Filter>
    </ClCompile>
    <ClCompile Include="..\solar_calculator\Version2\rplanet.c">
      <Filter>Source Files</Filter>
    </ClCompile>
    <ClCompile Include="..\solar_calculator\Version2\rstar.c">
      <Filter>Source Files</Filter>
    </ClCompile>
    <ClCompile Include="..\solar_calculator\Version2\sat404.c">
      <Filter>Source Files</Filter>
    </ClCompile>
    <ClCompile Include="..\email\SendEmail.cpp">
      <Filter>Source Files</Filter>
    </ClCompile>
    <ClCompile Include="..\SHR\serio.c">
      <Filter>Source Files</Filter>
    </ClCompile>
    <ClCompile Include="SHPFILE.C">
      <Filter>Source Files</Filter>
    </ClCompile>
    <ClCompile Include="..\SHR\shr.c">
      <Filter>Source Files</Filter>
    </ClCompile>
    <ClCompile Include="..\solar_calculator\Version2\sidrlt.c">
      <Filter>Source Files</Filter>
    </ClCompile>
    <ClCompile Include="..\gctpc\sinfor.c">
      <Filter>Source Files</Filter>
    </ClCompile>
    <ClCompile Include="..\gctpc\sininv.c">
      <Filter>Source Files</Filter>
    </ClCompile>
    <ClCompile Include="smooth.c">
      <Filter>Source Files</Filter>
    </ClCompile>
    <ClCompile Include="..\gctpc\somfor.c">
      <Filter>Source Files</Filter>
    </ClCompile>
    <ClCompile Include="..\gctpc\sominv.c">
      <Filter>Source Files</Filter>
    </ClCompile>
    <ClCompile Include="..\gctpc\sphdz.c">
      <Filter>Source Files</Filter>
    </ClCompile>
    <ClCompile Include="..\splines\ssp.c">
      <Filter>Source Files</Filter>
    </ClCompile>
    <ClCompile Include="..\SHR\STD.C">
      <Filter>Source Files</Filter>
    </ClCompile>
    <ClCompile Include="..\gctpc\sterfor.c">
      <Filter>Source Files</Filter>
    </ClCompile>
    <ClCompile Include="..\gctpc\sterinv.c">
      <Filter>Source Files</Filter>
    </ClCompile>
    <ClCompile Include="..\gctpc\stplnfor.c">
      <Filter>Source Files</Filter>
    </ClCompile>
    <ClCompile Include="..\gctpc\stplninv.c">
      <Filter>Source Files</Filter>
    </ClCompile>
    <ClCompile Include="..\solar_calculator\Version2\sun.c">
      <Filter>Source Files</Filter>
    </ClCompile>
    <ClCompile Include="..\sunang\ipw\src\lib\libipw\sunang\sunpath.c">
      <Filter>Source Files</Filter>
    </ClCompile>
    <ClCompile Include="..\sunang\ipw\src\sunrise.c">
      <Filter>Source Files</Filter>
    </ClCompile>
    <ClCompile Include="..\GCTP2\T2PROJ~1.C">
      <Filter>Source Files</Filter>
    </ClCompile>
    <ClCompile Include="tabbed.c">
      <Filter>Source Files</Filter>
    </ClCompile>
    <ClCompile Include="..\solar_calculator\Version2\tdb.c">
      <Filter>Source Files</Filter>
    </ClCompile>
    <ClCompile Include="..\libbci-1.1.0\tdspl.c">
      <Filter>Source Files</Filter>
    </ClCompile>
    <ClCompile Include="..\GM32lib\testMemIO.cpp">
      <Filter>Source Files</Filter>
    </ClCompile>
    <ClCompile Include="themes.c">
      <Filter>Source Files</Filter>
    </ClCompile>
    <ClCompile Include="themes2.c">
      <Filter>Source Files</Filter>
    </ClCompile>
    <ClCompile Include="THEMES3.C">
      <Filter>Source Files</Filter>
    </ClCompile>
    <ClCompile Include="THMMSGP.C">
      <Filter>Source Files</Filter>
    </ClCompile>
    <ClCompile Include="..\SHR\tiff.c">
      <Filter>Source Files</Filter>
    </ClCompile>
    <ClCompile Include="TileIndex.c">
      <Filter>Source Files</Filter>
    </ClCompile>
    <ClCompile Include="..\sunang\ipw\src\lib\libipw\sunang\tmconv.c">
      <Filter>Source Files</Filter>
    </ClCompile>
    <ClCompile Include="..\gctpc\tmfor.c">
      <Filter>Source Files</Filter>
    </ClCompile>
    <ClCompile Include="..\gctpc\tminv.c">
      <Filter>Source Files</Filter>
    </ClCompile>
    <ClCompile Include="toolbar.c">
      <Filter>Source Files</Filter>
    </ClCompile>
    <ClCompile Include="..\libbci-1.1.0\tools.c">
      <Filter>Source Files</Filter>
    </ClCompile>
    <ClCompile Include="Tran.c">
      <Filter>Source Files</Filter>
    </ClCompile>
    <ClCompile Include="tranlat2.c">
      <Filter>Source Files</Filter>
    </ClCompile>
    <ClCompile Include="tranlat3.c">
      <Filter>Source Files</Filter>
    </ClCompile>
    <ClCompile Include="..\MRGSCoordinates\Mgrs\geotrans2.2.6\dt_cc\tranmerc\tranmerc.c">
      <Filter>Source Files</Filter>
    </ClCompile>
    <ClCompile Include="..\GCTP2\TRANPR~1.C">
      <Filter>Source Files</Filter>
    </ClCompile>
    <ClCompile Include="translat.c">
      <Filter>Source Files</Filter>
    </ClCompile>
    <ClCompile Include="traverse.c">
      <Filter>Source Files</Filter>
    </ClCompile>
    <ClCompile Include="..\solar_calculator\Version2\trnsit.c">
      <Filter>Source Files</Filter>
    </ClCompile>
    <ClCompile Include="..\SHR\UGRID.C">
      <Filter>Source Files</Filter>
    </ClCompile>
    <ClCompile Include="Ugridhlt.c">
      <Filter>Source Files</Filter>
    </ClCompile>
    <ClCompile Include="..\SHR\Umio.c">
      <Filter>Source Files</Filter>
    </ClCompile>
    <ClCompile Include="..\SHR\UNDO.C">
      <Filter>Source Files</Filter>
    </ClCompile>
    <ClCompile Include="..\sunang\ipw\src\lib\libipw\sunang\unixtime.c">
      <Filter>Source Files</Filter>
    </ClCompile>
    <ClCompile Include="..\gctpc\untfz.c">
      <Filter>Source Files</Filter>
    </ClCompile>
    <ClCompile Include="..\MRGSCoordinates\Mgrs\geotrans2.2.6\dt_cc\ups\ups.c">
      <Filter>Source Files</Filter>
    </ClCompile>
    <ClCompile Include="..\solar_calculator\Version2\ura404.c">
      <Filter>Source Files</Filter>
    </ClCompile>
    <ClCompile Include="..\garmin\USB\USBSDK.c">
      <Filter>Source Files</Filter>
    </ClCompile>
    <ClCompile Include="..\MRGSCoordinates\Mgrs\geotrans2.2.6\dt_cc\utm\utm.c">
      <Filter>Source Files</Filter>
    </ClCompile>
    <ClCompile Include="..\gctpc\utmfor.c">
      <Filter>Source Files</Filter>
    </ClCompile>
    <ClCompile Include="..\gctpc\utminv.c">
      <Filter>Source Files</Filter>
    </ClCompile>
    <ClCompile Include="..\gctpc\vandgfor.c">
      <Filter>Source Files</Filter>
    </ClCompile>
    <ClCompile Include="..\gctpc\vandginv.c">
      <Filter>Source Files</Filter>
    </ClCompile>
    <ClCompile Include="VARDEF.C">
      <Filter>Source Files</Filter>
    </ClCompile>
    <ClCompile Include="..\SHR\VARSTUF2.C">
      <Filter>Source Files</Filter>
    </ClCompile>
    <ClCompile Include="..\SHR\VARSTUFF.C">
      <Filter>Source Files</Filter>
    </ClCompile>
    <ClCompile Include="..\solar_calculator\Version2\vearth.c">
      <Filter>Source Files</Filter>
    </ClCompile>
    <ClCompile Include="vehicle.c">
      <Filter>Source Files</Filter>
    </ClCompile>
    <ClCompile Include="vehicle_server.c">
      <Filter>Source Files</Filter>
    </ClCompile>
    <ClCompile Include="..\solar_calculator\Version2\ven404.c">
      <Filter>Source Files</Filter>
    </ClCompile>
    <ClCompile Include="viewport.c">
      <Filter>Source Files</Filter>
    </ClCompile>
    <ClCompile Include="viscontrol.c">
      <Filter>Source Files</Filter>
    </ClCompile>
    <ClCompile Include="visible.c">
      <Filter>Source Files</Filter>
    </ClCompile>
    <ClCompile Include="VOTERS.C">
      <Filter>Source Files</Filter>
    </ClCompile>
    <ClCompile Include="..\sunang\ipw\src\lib\libipw\sunang\weekday.c">
      <Filter>Source Files</Filter>
    </ClCompile>
    <ClCompile Include="..\gctpc\wivfor.c">
      <Filter>Source Files</Filter>
    </ClCompile>
    <ClCompile Include="..\gctpc\wivinv.c">
      <Filter>Source Files</Filter>
    </ClCompile>
    <ClCompile Include="..\SHR\Writeavi.c">
      <Filter>Source Files</Filter>
    </ClCompile>
    <ClCompile Include="..\gctpc\wviifor.c">
      <Filter>Source Files</Filter>
    </ClCompile>
    <ClCompile Include="..\gctpc\wviiinv.c">
      <Filter>Source Files</Filter>
    </ClCompile>
    <ClCompile Include="XMLProcessing.c">
      <Filter>Source Files</Filter>
    </ClCompile>
    <ClCompile Include="..\sunang\ipw\src\lib\libipw\sunang\yrday.c">
      <Filter>Source Files</Filter>
    </ClCompile>
    <ClCompile Include="..\solar_calculator\Version2\zatan2.c">
      <Filter>Source Files</Filter>
    </ClCompile>
    <ClCompile Include="..\sunang\ipw\src\zerobr.c">
      <Filter>Source Files</Filter>
    </ClCompile>
    <ClCompile Include="..\FileGDBAPI\FGDBStub.c">
      <Filter>Source Files</Filter>
    </ClCompile>
    <ClCompile Include="MapServer.c">
      <Filter>Source Files</Filter>
    </ClCompile>
    <ClCompile Include="DatedDisplay.c">
      <Filter>Source Files</Filter>
    </ClCompile>
    <ClCompile Include="OGRCoordConversion.c">
      <Filter>Source Files</Filter>
    </ClCompile>
    <ClCompile Include="..\SQLite3\shell.c">
      <Filter>Source Files</Filter>
    </ClCompile>
    <ClCompile Include="..\SQLite3\sqlite3.c">
      <Filter>Source Files</Filter>
    </ClCompile>
    <ClCompile Include="SQLiteCmd.c">
      <Filter>Source Files</Filter>
    </ClCompile>
    <ClCompile Include="ParcelTran.c">
      <Filter>Source Files</Filter>
    </ClCompile>
    <ClCompile Include="wlan.cpp">
      <Filter>Source Files</Filter>
    </ClCompile>
    <ClCompile Include="NetworkAdapters.cpp">
      <Filter>Source Files</Filter>
    </ClCompile>
    <ClCompile Include="NetworkAdaptersInfo.cpp">
      <Filter>Source Files</Filter>
    </ClCompile>
    <ClCompile Include="FileManager.c">
      <Filter>Source Files</Filter>
    </ClCompile>
    <ClCompile Include="CreateAreaInMask.c">
      <Filter>Source Files</Filter>
    </ClCompile>
    <ClCompile Include="MailLabels.c">
      <Filter>Source Files</Filter>
    </ClCompile>
    <ClCompile Include="PolylineCompression.c">
      <Filter>Source Files</Filter>
    </ClCompile>
    <ClCompile Include="GMMobile.c">
      <Filter>Source Files</Filter>
    </ClCompile>
    <ClCompile Include="GDIPls.cpp">
      <Filter>Source Files</Filter>
    </ClCompile>
    <ClCompile Include="NVTextDrawing.c">
      <Filter>Source Files</Filter>
    </ClCompile>
    <ClCompile Include="OpenFileDlg.cpp">
      <Filter>Source Files</Filter>
    </ClCompile>
    <ClCompile Include="FileDialog.cpp">
      <Filter>Source Files</Filter>
    </ClCompile>
    <ClCompile Include="FileDialogEventHandler.cpp">
      <Filter>Source Files</Filter>
    </ClCompile>
    <ClCompile Include="CurbRamps.c">
      <Filter>Source Files</Filter>
    </ClCompile>
    <ClCompile Include="RampCompliance.c">
      <Filter>Source Files</Filter>
    </ClCompile>
    <ClCompile Include="NVMetro.c">
      <Filter>Source Files</Filter>
    </ClCompile>
    <ClCompile Include="..\LAStools\LASzip\dll\laszip_dll.c">
      <Filter>Source Files</Filter>
    </ClCompile>
    <ClCompile Include="..\LAStools\LASzip\example\laszipdllexample.cpp">
      <Filter>Source Files</Filter>
    </ClCompile>
    <ClCompile Include="WMS.c">
      <Filter>Source Files</Filter>
    </ClCompile>
    <ClCompile Include="DGN8File.cpp">
      <Filter>Source Files</Filter>
    </ClCompile>
    <ClCompile Include="nvshapefilelibrary\csv2shp.c">
      <Filter>Source Files</Filter>
    </ClCompile>
    <ClCompile Include="nvshapefilelibrary\dbfadd.c">
      <Filter>Source Files</Filter>
    </ClCompile>
    <ClCompile Include="nvshapefilelibrary\dbfcat.c">
      <Filter>Source Files</Filter>
    </ClCompile>
    <ClCompile Include="nvshapefilelibrary\dbfcreate.c">
      <Filter>Source Files</Filter>
    </ClCompile>
    <ClCompile Include="nvshapefilelibrary\dbfdump.c">
      <Filter>Source Files</Filter>
    </ClCompile>
    <ClCompile Include="nvshapefilelibrary\dbfinfo.c">
      <Filter>Source Files</Filter>
    </ClCompile>
    <ClCompile Include="nvshapefilelibrary\ExitApp.c">
      <Filter>Source Files</Filter>
    </ClCompile>
    <ClCompile Include="nvshapefilelibrary\safileio.c">
      <Filter>Source Files</Filter>
    </ClCompile>
    <ClCompile Include="nvshapefilelibrary\shpadd.c">
      <Filter>Source Files</Filter>
    </ClCompile>
    <ClCompile Include="nvshapefilelibrary\shpcat.c">
      <Filter>Source Files</Filter>
    </ClCompile>
    <ClCompile Include="nvshapefilelibrary\shpcentrd.c">
      <Filter>Source Files</Filter>
    </ClCompile>
    <ClCompile Include="nvshapefilelibrary\shpcreate.c">
      <Filter>Source Files</Filter>
    </ClCompile>
    <ClCompile Include="nvshapefilelibrary\shpdata.c">
      <Filter>Source Files</Filter>
    </ClCompile>
    <ClCompile Include="nvshapefilelibrary\shpdump.c">
      <Filter>Source Files</Filter>
    </ClCompile>
    <ClCompile Include="nvshapefilelibrary\shpdxf.c">
      <Filter>Source Files</Filter>
    </ClCompile>
    <ClCompile Include="nvshapefilelibrary\shpfix.c">
      <Filter>Source Files</Filter>
    </ClCompile>
    <ClCompile Include="nvshapefilelibrary\shpgeo.c">
      <Filter>Source Files</Filter>
    </ClCompile>
    <ClCompile Include="nvshapefilelibrary\shpinfo.c">
      <Filter>Source Files</Filter>
    </ClCompile>
    <ClCompile Include="nvshapefilelibrary\shpopen.c">
      <Filter>Source Files</Filter>
    </ClCompile>
    <ClCompile Include="nvshapefilelibrary\shpproj.c">
      <Filter>Source Files</Filter>
    </ClCompile>
    <ClCompile Include="nvshapefilelibrary\shprewind.c">
      <Filter>Source Files</Filter>
    </ClCompile>
    <ClCompile Include="nvshapefilelibrary\shpsort.c">
      <Filter>Source Files</Filter>
    </ClCompile>
    <ClCompile Include="nvshapefilelibrary\shptest.c">
      <Filter>Source Files</Filter>
    </ClCompile>
    <ClCompile Include="nvshapefilelibrary\shptree.c">
      <Filter>Source Files</Filter>
    </ClCompile>
    <ClCompile Include="nvshapefilelibrary\shptreedump.c">
      <Filter>Source Files</Filter>
    </ClCompile>
    <ClCompile Include="nvshapefilelibrary\shputils.c">
      <Filter>Source Files</Filter>
    </ClCompile>
    <ClCompile Include="nvshapefilelibrary\shpwkb.c">
      <Filter>Source Files</Filter>
    </ClCompile>
    <ClCompile Include="shp_projection.c">
      <Filter>Source Files</Filter>
    </ClCompile>
    <ClCompile Include="MonitorSize.c">
      <Filter>Source Files</Filter>
    </ClCompile>
    <ClCompile Include="rtree_bbox.c">
      <Filter>Source Files</Filter>
    </ClCompile>
    <ClCompile Include="GMDoc.c">
      <Filter>Source Files</Filter>
    </ClCompile>
    <ClCompile Include="Synchronize.c">
      <Filter>Source Files</Filter>
    </ClCompile>
  </ItemGroup>
  <ItemGroup>
    <ResourceCompile Include="..\..\prog16\GM32lib\Demo.Rc">
      <Filter>Source Files</Filter>
    </ResourceCompile>
    <ResourceCompile Include="GWCONFIG.RC">
      <Filter>Source Files</Filter>
    </ResourceCompile>
  </ItemGroup>
  <ItemGroup>
    <ClInclude Include="..\INCLUDE\Bt.h">
      <Filter>Header Files</Filter>
    </ClInclude>
    <ClInclude Include="..\gctpc\cproj.h">
      <Filter>Header Files</Filter>
    </ClInclude>
    <ClInclude Include="..\INCLUDE\gmextern.h">
      <Filter>Header Files</Filter>
    </ClInclude>
    <ClInclude Include="..\INCLUDE\gmlimits.h">
      <Filter>Header Files</Filter>
    </ClInclude>
    <ClInclude Include="..\INCLUDE\gmvardef.h">
      <Filter>Header Files</Filter>
    </ClInclude>
    <ClInclude Include="GoogleDef.h">
      <Filter>Header Files</Filter>
    </ClInclude>
    <ClInclude Include="..\INCLUDE\GRAPHICS.H">
      <Filter>Header Files</Filter>
    </ClInclude>
    <ClInclude Include="..\INCLUDE\graphint.h">
      <Filter>Header Files</Filter>
    </ClInclude>
    <ClInclude Include="..\INCLUDE\PROJ.H">
      <Filter>Header Files</Filter>
    </ClInclude>
    <ClInclude Include="..\gctpc\proj.h">
      <Filter>Header Files</Filter>
    </ClInclude>
    <ClInclude Include="..\GMEdit\GMEdit\resource.h">
      <Filter>Header Files</Filter>
    </ClInclude>
    <ClInclude Include="resource.h">
      <Filter>Header Files</Filter>
    </ClInclude>
    <ClInclude Include="..\INCLUDE\shr.h">
      <Filter>Header Files</Filter>
    </ClInclude>
    <ClInclude Include="..\INCLUDE\TileGraphics.h">
      <Filter>Header Files</Filter>
    </ClInclude>
    <ClInclude Include="..\INCLUDE\toolbar.h">
      <Filter>Header Files</Filter>
    </ClInclude>
    <ClInclude Include="GMVersion.h">
      <Filter>Header Files</Filter>
    </ClInclude>
    <ClInclude Include="..\SQLite3\sqlite3.h">
      <Filter>Header Files</Filter>
    </ClInclude>
    <ClInclude Include="..\SQLite3\sqlite3ext.h">
      <Filter>Header Files</Filter>
    </ClInclude>
    <ClInclude Include="..\INCLUDE\colorsByName.h">
      <Filter>Header Files</Filter>
    </ClInclude>
    <ClInclude Include="..\INCLUDE\rotate256.h">
      <Filter>Header Files</Filter>
    </ClInclude>
    <ClInclude Include="..\INCLUDE\gssitype.h">
      <Filter>Header Files</Filter>
    </ClInclude>
    <ClInclude Include="..\FileGDBAPI\2013\include\FileGDBAPI.h">
      <Filter>Header Files</Filter>
    </ClInclude>
    <ClInclude Include="..\FileGDBAPI\2013\include\FileGDBCore.h">
      <Filter>Header Files</Filter>
    </ClInclude>
    <ClInclude Include="..\FileGDBAPI\2013\include\Geodatabase.h">
      <Filter>Header Files</Filter>
    </ClInclude>
    <ClInclude Include="..\FileGDBAPI\2013\include\GeodatabaseManagement.h">
      <Filter>Header Files</Filter>
    </ClInclude>
    <ClInclude Include="..\FileGDBAPI\2013\include\Raster.h">
      <Filter>Header Files</Filter>
    </ClInclude>
    <ClInclude Include="..\FileGDBAPI\2013\include\Row.h">
      <Filter>Header Files</Filter>
    </ClInclude>
    <ClInclude Include="..\FileGDBAPI\2013\include\Table.h">
      <Filter>Header Files</Filter>
    </ClInclude>
    <ClInclude Include="..\FileGDBAPI\2013\include\Util.h">
      <Filter>Header Files</Filter>
    </ClInclude>
    <ClInclude Include="..\INCLUDE\FreeImage.h">
      <Filter>Header Files</Filter>
    </ClInclude>
    <ClInclude Include="..\MrSid\Raster_DSDK\include\BMPImageWriter.h">
      <Filter>Header Files</Filter>
    </ClInclude>
    <ClInclude Include="..\MrSid\Raster_DSDK\include\GeoTIFFImageWriter.h">
      <Filter>Header Files</Filter>
    </ClInclude>
    <ClInclude Include="..\MrSid\Raster_DSDK\include\j2k_types.h">
      <Filter>Header Files</Filter>
    </ClInclude>
    <ClInclude Include="..\MrSid\Raster_DSDK\include\J2KImageReader.h">
      <Filter>Header Files</Filter>
    </ClInclude>
    <ClInclude Include="..\MrSid\Raster_DSDK\include\JpegImageWriter.h">
      <Filter>Header Files</Filter>
    </ClInclude>
    <ClInclude Include="..\MrSid\Raster_DSDK\include\lt_base.h">
      <Filter>Header Files</Filter>
    </ClInclude>
    <ClInclude Include="..\MrSid\Raster_DSDK\include\lt_cacheStatus.h">
      <Filter>Header Files</Filter>
    </ClInclude>
    <ClInclude Include="..\MrSid\Raster_DSDK\include\lt_define.h">
      <Filter>Header Files</Filter>
    </ClInclude>
    <ClInclude Include="..\MrSid\Raster_DSDK\include\lt_encryptStatus.h">
      <Filter>Header Files</Filter>
    </ClInclude>
    <ClInclude Include="..\MrSid\Raster_DSDK\include\lt_fileSpec.h">
      <Filter>Header Files</Filter>
    </ClInclude>
    <ClInclude Include="..\MrSid\Raster_DSDK\include\lt_ioBufferedStream.h">
      <Filter>Header Files</Filter>
    </ClInclude>
    <ClInclude Include="..\MrSid\Raster_DSDK\include\lt_ioCallbackStream.h">
      <Filter>Header Files</Filter>
    </ClInclude>
    <ClInclude Include="..\MrSid\Raster_DSDK\include\lt_ioCallbackStreamTypes.h">
      <Filter>Header Files</Filter>
    </ClInclude>
    <ClInclude Include="..\MrSid\Raster_DSDK\include\lt_ioCStream.h">
      <Filter>Header Files</Filter>
    </ClInclude>
    <ClInclude Include="..\MrSid\Raster_DSDK\include\lt_ioDynamicMemStream.h">
      <Filter>Header Files</Filter>
    </ClInclude>
    <ClInclude Include="..\MrSid\Raster_DSDK\include\lt_ioFileStream.h">
      <Filter>Header Files</Filter>
    </ClInclude>
    <ClInclude Include="..\MrSid\Raster_DSDK\include\lt_ioMemStream.h">
      <Filter>Header Files</Filter>
    </ClInclude>
    <ClInclude Include="..\MrSid\Raster_DSDK\include\lt_ioStatus.h">
      <Filter>Header Files</Filter>
    </ClInclude>
    <ClInclude Include="..\MrSid\Raster_DSDK\include\lt_ioStreamInf.h">
      <Filter>Header Files</Filter>
    </ClInclude>
    <ClInclude Include="..\MrSid\Raster_DSDK\include\lt_ioSubStream.h">
      <Filter>Header Files</Filter>
    </ClInclude>
    <ClInclude Include="..\MrSid\Raster_DSDK\include\lt_lib_io.h">
      <Filter>Header Files</Filter>
    </ClInclude>
    <ClInclude Include="..\MrSid\Raster_DSDK\include\lt_platform.h">
      <Filter>Header Files</Filter>
    </ClInclude>
    <ClInclude Include="..\MrSid\Raster_DSDK\include\lt_status.h">
      <Filter>Header Files</Filter>
    </ClInclude>
    <ClInclude Include="..\MrSid\Raster_DSDK\include\lt_system.h">
      <Filter>Header Files</Filter>
    </ClInclude>
    <ClInclude Include="..\MrSid\Raster_DSDK\include\lt_types.h">
      <Filter>Header Files</Filter>
    </ClInclude>
    <ClInclude Include="..\MrSid\Raster_DSDK\include\lt_utilStatus.h">
      <Filter>Header Files</Filter>
    </ClInclude>
    <ClInclude Include="..\MrSid\Raster_DSDK\include\lt_utilStatusData.h">
      <Filter>Header Files</Filter>
    </ClInclude>
    <ClInclude Include="..\MrSid\Raster_DSDK\include\lt_utilStatusStrings.h">
      <Filter>Header Files</Filter>
    </ClInclude>
    <ClInclude Include="..\MrSid\Raster_DSDK\include\lti_bandSelectFilter.h">
      <Filter>Header Files</Filter>
    </ClInclude>
    <ClInclude Include="..\MrSid\Raster_DSDK\include\lti_bbbImageReader.h">
      <Filter>Header Files</Filter>
    </ClInclude>
    <ClInclude Include="..\MrSid\Raster_DSDK\include\lti_bbbImageWriter.h">
      <Filter>Header Files</Filter>
    </ClInclude>
    <ClInclude Include="..\MrSid\Raster_DSDK\include\lti_colorTransformer.h">
      <Filter>Header Files</Filter>
    </ClInclude>
    <ClInclude Include="..\MrSid\Raster_DSDK\include\lti_coreStatus.h">
      <Filter>Header Files</Filter>
    </ClInclude>
    <ClInclude Include="..\MrSid\Raster_DSDK\include\lti_cropFilter.h">
      <Filter>Header Files</Filter>
    </ClInclude>
    <ClInclude Include="..\MrSid\Raster_DSDK\include\lti_delegates.h">
      <Filter>Header Files</Filter>
    </ClInclude>
    <ClInclude Include="..\MrSid\Raster_DSDK\include\lti_dynamicRangeFilter.h">
      <Filter>Header Files</Filter>
    </ClInclude>
    <ClInclude Include="..\MrSid\Raster_DSDK\include\lti_embeddedImage.h">
      <Filter>Header Files</Filter>
    </ClInclude>
    <ClInclude Include="..\MrSid\Raster_DSDK\include\lti_filtersStatus.h">
      <Filter>Header Files</Filter>
    </ClInclude>
    <ClInclude Include="..\MrSid\Raster_DSDK\include\lti_geoCoord.h">
      <Filter>Header Files</Filter>
    </ClInclude>
    <ClInclude Include="..\MrSid\Raster_DSDK\include\lti_geoFileImageWriter.h">
      <Filter>Header Files</Filter>
    </ClInclude>
    <ClInclude Include="..\MrSid\Raster_DSDK\include\lti_geoImageReader.h">
      <Filter>Header Files</Filter>
    </ClInclude>
    <ClInclude Include="..\MrSid\Raster_DSDK\include\lti_geoMetadataStatus.h">
      <Filter>Header Files</Filter>
    </ClInclude>
    <ClInclude Include="..\MrSid\Raster_DSDK\include\lti_geometry.h">
      <Filter>Header Files</Filter>
    </ClInclude>
    <ClInclude Include="..\MrSid\Raster_DSDK\include\lti_image.h">
      <Filter>Header Files</Filter>
    </ClInclude>
    <ClInclude Include="..\MrSid\Raster_DSDK\include\lti_imageFilter.h">
      <Filter>Header Files</Filter>
    </ClInclude>
    <ClInclude Include="..\MrSid\Raster_DSDK\include\lti_imageReader.h">
      <Filter>Header Files</Filter>
    </ClInclude>
    <ClInclude Include="..\MrSid\Raster_DSDK\include\lti_imageStage.h">
      <Filter>Header Files</Filter>
    </ClInclude>
    <ClInclude Include="..\MrSid\Raster_DSDK\include\lti_imageStageManager.h">
      <Filter>Header Files</Filter>
    </ClInclude>
    <ClInclude Include="..\MrSid\Raster_DSDK\include\lti_imageStageOverrides.h">
      <Filter>Header Files</Filter>
    </ClInclude>
    <ClInclude Include="..\MrSid\Raster_DSDK\include\lti_imageWriter.h">
      <Filter>Header Files</Filter>
    </ClInclude>
    <ClInclude Include="..\MrSid\Raster_DSDK\include\lti_j2kStatus.h">
      <Filter>Header Files</Filter>
    </ClInclude>
    <ClInclude Include="..\MrSid\Raster_DSDK\include\lti_metadataDatabase.h">
      <Filter>Header Files</Filter>
    </ClInclude>
    <ClInclude Include="..\MrSid\Raster_DSDK\include\lti_metadataDumper.h">
      <Filter>Header Files</Filter>
    </ClInclude>
    <ClInclude Include="..\MrSid\Raster_DSDK\include\lti_metadataReader.h">
      <Filter>Header Files</Filter>
    </ClInclude>
    <ClInclude Include="..\MrSid\Raster_DSDK\include\lti_metadataRecord.h">
      <Filter>Header Files</Filter>
    </ClInclude>
    <ClInclude Include="..\MrSid\Raster_DSDK\include\lti_metadataStatus.h">
      <Filter>Header Files</Filter>
    </ClInclude>
    <ClInclude Include="..\MrSid\Raster_DSDK\include\lti_metadataTypes.h">
      <Filter>Header Files</Filter>
    </ClInclude>
    <ClInclude Include="..\MrSid\Raster_DSDK\include\lti_metadataUtils.h">
      <Filter>Header Files</Filter>
    </ClInclude>
    <ClInclude Include="..\MrSid\Raster_DSDK\include\lti_metadataWriter.h">
      <Filter>Header Files</Filter>
    </ClInclude>
    <ClInclude Include="..\MrSid\Raster_DSDK\include\lti_mosaicFilter.h">
      <Filter>Header Files</Filter>
    </ClInclude>
    <ClInclude Include="..\MrSid\Raster_DSDK\include\lti_mrsidReadersStatus.h">
      <Filter>Header Files</Filter>
    </ClInclude>
    <ClInclude Include="..\MrSid\Raster_DSDK\include\lti_multiresFilter.h">
      <Filter>Header Files</Filter>
    </ClInclude>
    <ClInclude Include="..\MrSid\Raster_DSDK\include\lti_navigator.h">
      <Filter>Header Files</Filter>
    </ClInclude>
    <ClInclude Include="..\MrSid\Raster_DSDK\include\lti_nitfStatus.h">
      <Filter>Header Files</Filter>
    </ClInclude>
    <ClInclude Include="..\MrSid\Raster_DSDK\include\lti_pixel.h">
      <Filter>Header Files</Filter>
    </ClInclude>
    <ClInclude Include="..\MrSid\Raster_DSDK\include\lti_pixelLookupTable.h">
      <Filter>Header Files</Filter>
    </ClInclude>
    <ClInclude Include="..\MrSid\Raster_DSDK\include\lti_rawImageReader.h">
      <Filter>Header Files</Filter>
    </ClInclude>
    <ClInclude Include="..\MrSid\Raster_DSDK\include\lti_rawImageWriter.h">
      <Filter>Header Files</Filter>
    </ClInclude>
    <ClInclude Include="..\MrSid\Raster_DSDK\include\lti_referenceCountedObject.h">
      <Filter>Header Files</Filter>
    </ClInclude>
    <ClInclude Include="..\MrSid\Raster_DSDK\include\lti_sample.h">
      <Filter>Header Files</Filter>
    </ClInclude>
    <ClInclude Include="..\MrSid\Raster_DSDK\include\lti_scene.h">
      <Filter>Header Files</Filter>
    </ClInclude>
    <ClInclude Include="..\MrSid\Raster_DSDK\include\lti_sceneBuffer.h">
      <Filter>Header Files</Filter>
    </ClInclude>
    <ClInclude Include="..\MrSid\Raster_DSDK\include\lti_staticZoomFilter.h">
      <Filter>Header Files</Filter>
    </ClInclude>
    <ClInclude Include="..\MrSid\Raster_DSDK\include\lti_translationFilter.h">
      <Filter>Header Files</Filter>
    </ClInclude>
    <ClInclude Include="..\MrSid\Raster_DSDK\include\lti_types.h">
      <Filter>Header Files</Filter>
    </ClInclude>
    <ClInclude Include="..\MrSid\Raster_DSDK\include\lti_utils.h">
      <Filter>Header Files</Filter>
    </ClInclude>
    <ClInclude Include="..\MrSid\Raster_DSDK\include\lti_version.h">
      <Filter>Header Files</Filter>
    </ClInclude>
    <ClInclude Include="..\MrSid\Raster_DSDK\include\lti_viewerImageFilter.h">
      <Filter>Header Files</Filter>
    </ClInclude>
    <ClInclude Include="..\MrSid\Raster_DSDK\include\lti_watermarkFilter.h">
      <Filter>Header Files</Filter>
    </ClInclude>
    <ClInclude Include="..\MrSid\Raster_DSDK\include\lti_writersStatus.h">
      <Filter>Header Files</Filter>
    </ClInclude>
    <ClInclude Include="..\MrSid\Raster_DSDK\include\ltic_api.h">
      <Filter>Header Files</Filter>
    </ClInclude>
    <ClInclude Include="..\MrSid\Raster_DSDK\include\mg2_status.h">
      <Filter>Header Files</Filter>
    </ClInclude>
    <ClInclude Include="..\MrSid\Raster_DSDK\include\mg3_status.h">
      <Filter>Header Files</Filter>
    </ClInclude>
    <ClInclude Include="..\MrSid\Raster_DSDK\include\MrSIDImageReader.h">
      <Filter>Header Files</Filter>
    </ClInclude>
    <ClInclude Include="..\MrSid\Raster_DSDK\include\MrSIDImageReaderBase.h">
      <Filter>Header Files</Filter>
    </ClInclude>
    <ClInclude Include="..\MrSid\Raster_DSDK\include\MrSIDImageStageManager.h">
      <Filter>Header Files</Filter>
    </ClInclude>
    <ClInclude Include="..\MrSid\Raster_DSDK\include\MrSIDPasswordDelegate.h">
      <Filter>Header Files</Filter>
    </ClInclude>
    <ClInclude Include="..\MrSid\Raster_DSDK\include\NITFReaderManager.h">
      <Filter>Header Files</Filter>
    </ClInclude>
    <ClInclude Include="..\MrSid\Raster_DSDK\include\PNGImageWriter.h">
      <Filter>Header Files</Filter>
    </ClInclude>
    <ClInclude Include="..\MrSid\Raster_DSDK\include\TIFFImageWriter.h">
      <Filter>Header Files</Filter>
    </ClInclude>
    <ClInclude Include="..\MrSid\Raster_DSDK\include\nitf\DataSegment.h">
      <Filter>Header Files</Filter>
    </ClInclude>
    <ClInclude Include="..\MrSid\Raster_DSDK\include\nitf\FileHeader.h">
      <Filter>Header Files</Filter>
    </ClInclude>
    <ClInclude Include="..\MrSid\Raster_DSDK\include\nitf\FileMetadata.h">
      <Filter>Header Files</Filter>
    </ClInclude>
    <ClInclude Include="..\MrSid\Raster_DSDK\include\nitf\GraphicSegment.h">
      <Filter>Header Files</Filter>
    </ClInclude>
    <ClInclude Include="..\MrSid\Raster_DSDK\include\nitf\ImageReader.h">
      <Filter>Header Files</Filter>
    </ClInclude>
    <ClInclude Include="..\MrSid\Raster_DSDK\include\nitf\ImageSegment.h">
      <Filter>Header Files</Filter>
    </ClInclude>
    <ClInclude Include="..\MrSid\Raster_DSDK\include\nitf\ImageSegmentMetadata.h">
      <Filter>Header Files</Filter>
    </ClInclude>
    <ClInclude Include="..\MrSid\Raster_DSDK\include\nitf\LabelSegment.h">
      <Filter>Header Files</Filter>
    </ClInclude>
    <ClInclude Include="..\MrSid\Raster_DSDK\include\nitf\nitf_types.h">
      <Filter>Header Files</Filter>
    </ClInclude>
    <ClInclude Include="..\MrSid\Raster_DSDK\include\nitf\ReservedSegment.h">
      <Filter>Header Files</Filter>
    </ClInclude>
    <ClInclude Include="..\MrSid\Raster_DSDK\include\nitf\SecurityBlock.h">
      <Filter>Header Files</Filter>
    </ClInclude>
    <ClInclude Include="..\MrSid\Raster_DSDK\include\nitf\SecurityMetadata.h">
      <Filter>Header Files</Filter>
    </ClInclude>
    <ClInclude Include="..\MrSid\Raster_DSDK\include\nitf\Segment.h">
      <Filter>Header Files</Filter>
    </ClInclude>
    <ClInclude Include="..\MrSid\Raster_DSDK\include\nitf\TextSegment.h">
      <Filter>Header Files</Filter>
    </ClInclude>
    <ClInclude Include="..\MrSid\Raster_DSDK\include\nitf\TextSegmentMetadata.h">
      <Filter>Header Files</Filter>
    </ClInclude>
    <ClInclude Include="..\MrSid\Raster_DSDK\include\nitf\TREData.h">
      <Filter>Header Files</Filter>
    </ClInclude>
    <ClInclude Include="CFDResource.h">
      <Filter>Header Files</Filter>
    </ClInclude>
    <ClInclude Include="FileDialog.h">
      <Filter>Header Files</Filter>
    </ClInclude>
    <ClInclude Include="FileDialogEventHandler.h">
      <Filter>Header Files</Filter>
    </ClInclude>
    <ClInclude Include="..\INCLUDE\UMIO.H">
      <Filter>Header Files</Filter>
    </ClInclude>
    <ClInclude Include="RampCompliance.h">
      <Filter>Header Files</Filter>
    </ClInclude>
    <ClInclude Include="RampStruct.h">
      <Filter>Header Files</Filter>
    </ClInclude>
    <ClInclude Include="MPIntersection.h">
      <Filter>Header Files</Filter>
    </ClInclude>
    <ClInclude Include="..\LAStools\LASzip\dll\laszip_dll.h">
      <Filter>Header Files</Filter>
    </ClInclude>
    <ClInclude Include="WMS.h">
      <Filter>Header Files</Filter>
    </ClInclude>
    <ClInclude Include="nvshapefilelibrary\ExitApp.h">
      <Filter>Header Files</Filter>
    </ClInclude>
    <ClInclude Include="nvshapefilelibrary\my_nan.h">
      <Filter>Header Files</Filter>
    </ClInclude>
    <ClInclude Include="nvshapefilelibrary\proj_api.h">
      <Filter>Header Files</Filter>
    </ClInclude>
    <ClInclude Include="nvshapefilelibrary\shapefil.h">
      <Filter>Header Files</Filter>
    </ClInclude>
    <ClInclude Include="nvshapefilelibrary\shpgeo.h">
      <Filter>Header Files</Filter>
    </ClInclude>
    <ClInclude Include="CRAPI.h">
      <Filter>Header Files</Filter>
    </ClInclude>
    <ClInclude Include="CurbRamps.h">
      <Filter>Header Files</Filter>
    </ClInclude>
    <ClInclude Include="..\include\tagindex.h">
      <Filter>Header Files</Filter>
    </ClInclude>
  </ItemGroup>
  <ItemGroup>
    <Image Include="..\Citytour\ALIGN_BO.BMP">
      <Filter>Resource Files</Filter>
    </Image>
    <Image Include="..\Citytour\ALIGN_HO.BMP">
      <Filter>Resource Files</Filter>
    </Image>
    <Image Include="..\Citytour\ALIGN_LE.BMP">
      <Filter>Resource Files</Filter>
    </Image>
    <Image Include="..\Citytour\ALIGN_RI.BMP">
      <Filter>Resource Files</Filter>
    </Image>
    <Image Include="..\Citytour\ALIGN_TO.BMP">
      <Filter>Resource Files</Filter>
    </Image>
    <Image Include="..\Citytour\ALIGN_VE.BMP">
      <Filter>Resource Files</Filter>
    </Image>
    <Image Include="..\Citytour\ARROWQ~1.BMP">
      <Filter>Resource Files</Filter>
    </Image>
    <Image Include="ASSOC.ICO">
      <Filter>Resource Files</Filter>
    </Image>
    <Image Include="..\Citytour\BITMAP11.BMP">
      <Filter>Resource Files</Filter>
    </Image>
    <Image Include="..\Citytour\BITMAP13.BMP">
      <Filter>Resource Files</Filter>
    </Image>
    <Image Include="..\Citytour\BITMAP14.BMP">
      <Filter>Resource Files</Filter>
    </Image>
    <Image Include="..\Citytour\BITMAP15.BMP">
      <Filter>Resource Files</Filter>
    </Image>
    <Image Include="..\Citytour\BITMAP16.BMP">
      <Filter>Resource Files</Filter>
    </Image>
    <Image Include="..\Citytour\BITMAP17.BMP">
      <Filter>Resource Files</Filter>
    </Image>
    <Image Include="..\citytour\BITMAP18.BMP">
      <Filter>Resource Files</Filter>
    </Image>
    <Image Include="..\citytour\BITMAP19.BMP">
      <Filter>Resource Files</Filter>
    </Image>
    <Image Include="BITMAP2.BMP">
      <Filter>Resource Files</Filter>
    </Image>
    <Image Include="..\Citytour\BITMAP2.BMP">
      <Filter>Resource Files</Filter>
    </Image>
    <Image Include="..\citytour\BITMAP20.BMP">
      <Filter>Resource Files</Filter>
    </Image>
    <Image Include="..\citytour\BITMAP21.BMP">
      <Filter>Resource Files</Filter>
    </Image>
    <Image Include="..\Citytour\BITMAP3.BMP">
      <Filter>Resource Files</Filter>
    </Image>
    <Image Include="BITMAP3.BMP">
      <Filter>Resource Files</Filter>
    </Image>
    <Image Include="..\Citytour\BITMAP4.BMP">
      <Filter>Resource Files</Filter>
    </Image>
    <Image Include="..\Citytour\BITMAP9.BMP">
      <Filter>Resource Files</Filter>
    </Image>
    <Image Include="..\Citytour\BITMAP_R.BMP">
      <Filter>Resource Files</Filter>
    </Image>
    <Image Include="..\Citytour\BLUE_BIT.BMP">
      <Filter>Resource Files</Filter>
    </Image>
    <Image Include="..\Citytour\BMP00001.BMP">
      <Filter>Resource Files</Filter>
    </Image>
    <Image Include="..\Citytour\BMP00002.BMP">
      <Filter>Resource Files</Filter>
    </Image>
    <Image Include="..\Citytour\BMP00003.BMP">
      <Filter>Resource Files</Filter>
    </Image>
    <Image Include="..\Citytour\BMP00004.BMP">
      <Filter>Resource Files</Filter>
    </Image>
    <Image Include="..\Citytour\BMP00005.BMP">
      <Filter>Resource Files</Filter>
    </Image>
    <Image Include="..\Citytour\BMP00006.BMP">
      <Filter>Resource Files</Filter>
    </Image>
    <Image Include="..\Citytour\BMP00007.BMP">
      <Filter>Resource Files</Filter>
    </Image>
    <Image Include="..\Citytour\BMP00008.BMP">
      <Filter>Resource Files</Filter>
    </Image>
    <Image Include="..\Citytour\BMP00009.BMP">
      <Filter>Resource Files</Filter>
    </Image>
    <Image Include="..\Citytour\BMP00010.BMP">
      <Filter>Resource Files</Filter>
    </Image>
    <Image Include="..\Citytour\BMP00011.BMP">
      <Filter>Resource Files</Filter>
    </Image>
    <Image Include="..\Citytour\BMP00012.BMP">
      <Filter>Resource Files</Filter>
    </Image>
    <Image Include="..\Citytour\BMP00013.BMP">
      <Filter>Resource Files</Filter>
    </Image>
    <Image Include="..\Citytour\BMP00014.BMP">
      <Filter>Resource Files</Filter>
    </Image>
    <Image Include="..\Citytour\BMP00015.BMP">
      <Filter>Resource Files</Filter>
    </Image>
    <Image Include="..\Citytour\BMP00016.BMP">
      <Filter>Resource Files</Filter>
    </Image>
    <Image Include="..\Citytour\BMP00017.BMP">
      <Filter>Resource Files</Filter>
    </Image>
    <Image Include="..\Citytour\BMP00018.BMP">
      <Filter>Resource Files</Filter>
    </Image>
    <Image Include="..\citytour\BMP00019.BMP">
      <Filter>Resource Files</Filter>
    </Image>
    <Image Include="..\Citytour\BMP00020.BMP">
      <Filter>Resource Files</Filter>
    </Image>
    <Image Include="..\citytour\BMP00021.BMP">
      <Filter>Resource Files</Filter>
    </Image>
    <Image Include="..\citytour\BMP00022.BMP">
      <Filter>Resource Files</Filter>
    </Image>
    <Image Include="..\citytour\BMP00023.BMP">
      <Filter>Resource Files</Filter>
    </Image>
    <Image Include="..\citytour\BMP00024.BMP">
      <Filter>Resource Files</Filter>
    </Image>
    <Image Include="..\citytour\BMP00025.BMP">
      <Filter>Resource Files</Filter>
    </Image>
    <Image Include="..\CITYTOUR\BMP00026.BMP">
      <Filter>Resource Files</Filter>
    </Image>
    <Image Include="..\CITYTOUR\BMP00027.BMP">
      <Filter>Resource Files</Filter>
    </Image>
    <Image Include="..\citytour\BMP02PCT.BMP">
      <Filter>Resource Files</Filter>
    </Image>
    <Image Include="..\citytour\BMP06PCT.BMP">
      <Filter>Resource Files</Filter>
    </Image>
    <Image Include="..\citytour\BMP25PCT.BMP">
      <Filter>Resource Files</Filter>
    </Image>
    <Image Include="..\citytour\buoy_green.bmp">
      <Filter>Resource Files</Filter>
    </Image>
    <Image Include="..\Citytour\CHECKED1.BMP">
      <Filter>Resource Files</Filter>
    </Image>
    <Image Include="..\citytour\CRAYONS.BMP">
      <Filter>Resource Files</Filter>
    </Image>
    <Image Include="..\Citytour\DOWN_ARR.BMP">
      <Filter>Resource Files</Filter>
    </Image>
    <Image Include="EARTH.ICO">
      <Filter>Resource Files</Filter>
    </Image>
    <Image Include="..\citytour\GEOMASTE.BMP">
      <Filter>Resource Files</Filter>
    </Image>
    <Image Include="..\GMEdit\GMEdit\GMEdit.ico">
      <Filter>Resource Files</Filter>
    </Image>
    <Image Include="..\GMEdit\GMEdit\gmedit_icon1.ico">
      <Filter>Resource Files</Filter>
    </Image>
    <Image Include="..\GMEdit\GMEdit\gmedit_icon2.ico">
      <Filter>Resource Files</Filter>
    </Image>
    <Image Include="..\Citytour\GMLOGOW.BMP">
      <Filter>Resource Files</Filter>
    </Image>
    <Image Include="..\Citytour\GREEN_BI.BMP">
      <Filter>Resource Files</Filter>
    </Image>
    <Image Include="HLP-DWN.BMP">
      <Filter>Resource Files</Filter>
    </Image>
    <Image Include="HLP-UP.BMP">
      <Filter>Resource Files</Filter>
    </Image>
    <Image Include="HOME.ICO">
      <Filter>Resource Files</Filter>
    </Image>
    <Image Include="ICO00001.ICO">
      <Filter>Resource Files</Filter>
    </Image>
    <Image Include="icon1.ico">
      <Filter>Resource Files</Filter>
    </Image>
    <Image Include="..\GMEdit\GMEdit\icon1.ico">
      <Filter>Resource Files</Filter>
    </Image>
    <Image Include="..\GMEdit\GMEdit\icon2.ico">
      <Filter>Resource Files</Filter>
    </Image>
    <Image Include="ICON6.ICO">
      <Filter>Resource Files</Filter>
    </Image>
    <Image Include="ICON7.ICO">
      <Filter>Resource Files</Filter>
    </Image>
    <Image Include="ICON8.ICO">
      <Filter>Resource Files</Filter>
    </Image>
    <Image Include="..\Citytour\LABEL.BMP">
      <Filter>Resource Files</Filter>
    </Image>
    <Image Include="..\Citytour\LEFT_ARR.BMP">
      <Filter>Resource Files</Filter>
    </Image>
    <Image Include="..\Citytour\MONO1.BMP">
      <Filter>Resource Files</Filter>
    </Image>
    <Image Include="..\Citytour\MONO2.BMP">
      <Filter>Resource Files</Filter>
    </Image>
    <Image Include="..\Citytour\MONO3.BMP">
      <Filter>Resource Files</Filter>
    </Image>
    <Image Include="..\Citytour\MONO4.BMP">
      <Filter>Resource Files</Filter>
    </Image>
    <Image Include="..\Citytour\MONO5.BMP">
      <Filter>Resource Files</Filter>
    </Image>
    <Image Include="..\Citytour\MONO6.BMP">
      <Filter>Resource Files</Filter>
    </Image>
    <Image Include="..\Citytour\MONO7.BMP">
      <Filter>Resource Files</Filter>
    </Image>
    <Image Include="NAMES.ICO">
      <Filter>Resource Files</Filter>
    </Image>
    <Image Include="..\Citytour\NUMERIC_.BMP">
      <Filter>Resource Files</Filter>
    </Image>
    <Image Include="..\Citytour\PAT2.BMP">
      <Filter>Resource Files</Filter>
    </Image>
    <Image Include="..\Citytour\PHONE1.BMP">
      <Filter>Resource Files</Filter>
    </Image>
    <Image Include="..\Citytour\PICKCURS.BMP">
      <Filter>Resource Files</Filter>
    </Image>
    <Image Include="..\Citytour\RIGHT_AR.BMP">
      <Filter>Resource Files</Filter>
    </Image>
    <Image Include="..\Citytour\S_TEMP.BMP">
      <Filter>Resource Files</Filter>
    </Image>
    <Image Include="..\Citytour\SPORTMAP.BMP">
      <Filter>Resource Files</Filter>
    </Image>
    <Image Include="..\Citytour\STANDARD.BMP">
      <Filter>Resource Files</Filter>
    </Image>
    <Image Include="..\Citytour\STATIC_D.BMP">
      <Filter>Resource Files</Filter>
    </Image>
    <Image Include="..\Citytour\STATIC_U.BMP">
      <Filter>Resource Files</Filter>
    </Image>
    <Image Include="..\Citytour\SYMBOL.BMP">
      <Filter>Resource Files</Filter>
    </Image>
    <Image Include="..\Citytour\TDCHECK.BMP">
      <Filter>Resource Files</Filter>
    </Image>
    <Image Include="TDCOMBO.BMP">
      <Filter>Resource Files</Filter>
    </Image>
    <Image Include="TDEDIT.BMP">
      <Filter>Resource Files</Filter>
    </Image>
    <Image Include="..\Citytour\TDFRAME.BMP">
      <Filter>Resource Files</Filter>
    </Image>
    <Image Include="..\Citytour\TDGROUP.BMP">
      <Filter>Resource Files</Filter>
    </Image>
    <Image Include="..\Citytour\TDICON.BMP">
      <Filter>Resource Files</Filter>
    </Image>
    <Image Include="..\Citytour\TDLIST.BMP">
      <Filter>Resource Files</Filter>
    </Image>
    <Image Include="..\Citytour\TDPOINTR.BMP">
      <Filter>Resource Files</Filter>
    </Image>
    <Image Include="..\Citytour\TDPUSH.BMP">
      <Filter>Resource Files</Filter>
    </Image>
    <Image Include="..\Citytour\TDRECT.BMP">
      <Filter>Resource Files</Filter>
    </Image>
    <Image Include="..\Citytour\TOOLBAR1.BMP">
      <Filter>Resource Files</Filter>
    </Image>
    <Image Include="TRANBM.BMP">
      <Filter>Resource Files</Filter>
    </Image>
    <Image Include="..\Citytour\TUCHECK.BMP">
      <Filter>Resource Files</Filter>
    </Image>
    <Image Include="TUCOMBO.BMP">
      <Filter>Resource Files</Filter>
    </Image>
    <Image Include="TUEDIT.BMP">
      <Filter>Resource Files</Filter>
    </Image>
    <Image Include="..\Citytour\TUFRAME.BMP">
      <Filter>Resource Files</Filter>
    </Image>
    <Image Include="..\Citytour\TUGROUP.BMP">
      <Filter>Resource Files</Filter>
    </Image>
    <Image Include="..\Citytour\TUICON.BMP">
      <Filter>Resource Files</Filter>
    </Image>
    <Image Include="..\Citytour\TULIST.BMP">
      <Filter>Resource Files</Filter>
    </Image>
    <Image Include="..\Citytour\TUPOINTR.BMP">
      <Filter>Resource Files</Filter>
    </Image>
    <Image Include="..\Citytour\TUPUSH.BMP">
      <Filter>Resource Files</Filter>
    </Image>
    <Image Include="..\Citytour\TURADIO.BMP">
      <Filter>Resource Files</Filter>
    </Image>
    <Image Include="..\Citytour\TURECT.BMP">
      <Filter>Resource Files</Filter>
    </Image>
    <Image Include="..\CITYTOUR\UNLOCKTO.BMP">
      <Filter>Resource Files</Filter>
    </Image>
    <Image Include="..\Citytour\UP_ARROW.BMP">
      <Filter>Resource Files</Filter>
    </Image>
    <Image Include="..\citytour\zoompan24.bmp">
      <Filter>Resource Files</Filter>
    </Image>
    <Image Include="..\Citytour\zoompan8.bmp">
      <Filter>Resource Files</Filter>
    </Image>
    <Image Include="..\CITYTOUR\BMP00028.BMP">
      <Filter>Resource Files</Filter>
    </Image>
    <Image Include="..\CITYTOUR\PLAY_STA.BMP">
      <Filter>Resource Files</Filter>
    </Image>
    <Image Include="..\CITYTOUR\BMP00029.BMP">
      <Filter>Resource Files</Filter>
    </Image>
    <Image Include="..\CITYTOUR\CANCELOLD.BMP">
      <Filter>Resource Files</Filter>
    </Image>
    <Image Include="..\CITYTOUR\BITMAP22.BMP">
      <Filter>Resource Files</Filter>
    </Image>
    <Image Include="..\CITYTOUR\BITMAP24.BMP">
      <Filter>Resource Files</Filter>
    </Image>
    <Image Include="..\CITYTOUR\BITMAP25.BMP">
      <Filter>Resource Files</Filter>
    </Image>
    <Image Include="..\citytour\NewVisionGIS.bmp">
      <Filter>Resource Files</Filter>
    </Image>
    <Image Include="GWIZ1.ICO">
      <Filter>Resource Files</Filter>
    </Image>
  </ItemGroup>
  <ItemGroup>
    <None Include="CUR00001.CUR">
      <Filter>Resource Files</Filter>
    </None>
    <None Include="CUR00002.CUR">
      <Filter>Resource Files</Filter>
    </None>
    <None Include="CURSOR5.CUR">
      <Filter>Resource Files</Filter>
    </None>
    <None Include="CURSOR6.CUR">
      <Filter>Resource Files</Filter>
    </None>
    <None Include="CURSOR7.CUR">
      <Filter>Resource Files</Filter>
    </None>
    <None Include="CURSOR_L.CUR">
      <Filter>Resource Files</Filter>
    </None>
    <None Include="DIGITIZE.CUR">
      <Filter>Resource Files</Filter>
    </None>
    <None Include="DRAWING.CUR">
      <Filter>Resource Files</Filter>
    </None>
    <None Include="HANDMOVE.CUR">
      <Filter>Resource Files</Filter>
    </None>
    <None Include="HMOVE.CUR">
      <Filter>Resource Files</Filter>
    </None>
    <None Include="LABEL_CU.CUR">
      <Filter>Resource Files</Filter>
    </None>
    <None Include="LARROWS.CUR">
      <Filter>Resource Files</Filter>
    </None>
    <None Include="MAGNIFY.CUR">
      <Filter>Resource Files</Filter>
    </None>
    <None Include="MEASURE_.CUR">
      <Filter>Resource Files</Filter>
    </None>
    <None Include="PICK_CUR.CUR">
      <Filter>Resource Files</Filter>
    </None>
    <None Include="SETTAG.CUR">
      <Filter>Resource Files</Filter>
    </None>
    <None Include="SHOW.CUR">
      <Filter>Resource Files</Filter>
    </None>
    <None Include="SYMBOL_C.CUR">
      <Filter>Resource Files</Filter>
    </None>
    <None Include="TOGGLEVI.CUR">
      <Filter>Resource Files</Filter>
    </None>
    <None Include="WAYPOINT.CUR">
      <Filter>Resource Files</Filter>
    </None>
    <None Include="winzoom.cur">
      <Filter>Resource Files</Filter>
    </None>
    <None Include="ZOOMIN.CUR">
      <Filter>Resource Files</Filter>
    </None>
    <None Include="ClassDiagram1.cd" />
    <None Include="..\FreeImage\Dist\x32\FreeImage.dll">
      <Filter>Source Files</Filter>
    </None>
    <None Include="..\MrSid\Raster_DSDK\lib\lti_dsdk_cdll_9.5.dll">
      <Filter>Source Files</Filter>
    </None>
    <None Include="..\MrSid\Raster_DSDK\lib\tbb.dll">
      <Filter>Source Files</Filter>
    </None>
  </ItemGroup>
  <ItemGroup>
    <Text Include="cmdlines.txt" />
  </ItemGroup>
  <ItemGroup>
    <Library Include="..\FileGDBAPI\2013\lib\FileGDBAPI.lib">
      <Filter>Source Files</Filter>
    </Library>
  </ItemGroup>
</Project>